// !$*UTF8*$!
{
	archiveVersion = 1;
	classes = {
	};
	objectVersion = 46;
	objects = {

/* Begin PBXBuildFile section */
		182DA8071E5EE58E00BA5B64 /* ComplainVC.m in Sources */ = {isa = PBXBuildFile; fileRef = 182DA8061E5EE58E00BA5B64 /* ComplainVC.m */; };
		182DA8491E5FFF4E00BA5B64 /* CommentVC.m in Sources */ = {isa = PBXBuildFile; fileRef = 182DA8481E5FFF4E00BA5B64 /* CommentVC.m */; };
		182DA84F1E60299D00BA5B64 /* CommentListCell.m in Sources */ = {isa = PBXBuildFile; fileRef = 182DA84D1E60299D00BA5B64 /* CommentListCell.m */; };
		182DA8501E60299D00BA5B64 /* CommentListCell.xib in Resources */ = {isa = PBXBuildFile; fileRef = 182DA84E1E60299D00BA5B64 /* CommentListCell.xib */; };
		182DA8531E60365600BA5B64 /* CommentListModel.m in Sources */ = {isa = PBXBuildFile; fileRef = 182DA8521E60365600BA5B64 /* CommentListModel.m */; };
		182DA8561E60366F00BA5B64 /* CommentModel.m in Sources */ = {isa = PBXBuildFile; fileRef = 182DA8551E60366F00BA5B64 /* CommentModel.m */; };
		1866D49F1E5BD11700BDB5DB /* HomeTopViewLayout.m in Sources */ = {isa = PBXBuildFile; fileRef = 1866D49D1E5BD11700BDB5DB /* HomeTopViewLayout.m */; };
		1866D4A21E5BDDF500BDB5DB /* NewsListViewController.m in Sources */ = {isa = PBXBuildFile; fileRef = 1866D4A01E5BDDF500BDB5DB /* NewsListViewController.m */; };
		1866D4AB1E5BE1AB00BDB5DB /* RankingViewController.m in Sources */ = {isa = PBXBuildFile; fileRef = 1866D4A81E5BE1AB00BDB5DB /* RankingViewController.m */; };
		1866D4AC1E5BE1AB00BDB5DB /* RankingListVC.m in Sources */ = {isa = PBXBuildFile; fileRef = 1866D4A91E5BE1AB00BDB5DB /* RankingListVC.m */; };
		1866D4B51E5BE1FC00BDB5DB /* SortListModel.m in Sources */ = {isa = PBXBuildFile; fileRef = 1866D4AE1E5BE1FC00BDB5DB /* SortListModel.m */; };
		1866D4B61E5BE1FC00BDB5DB /* SortModel.m in Sources */ = {isa = PBXBuildFile; fileRef = 1866D4B01E5BE1FC00BDB5DB /* SortModel.m */; };
		1866D4B71E5BE1FC00BDB5DB /* SortTagListModel.m in Sources */ = {isa = PBXBuildFile; fileRef = 1866D4B21E5BE1FC00BDB5DB /* SortTagListModel.m */; };
		1866D4B81E5BE1FC00BDB5DB /* SortTagModel.m in Sources */ = {isa = PBXBuildFile; fileRef = 1866D4B41E5BE1FC00BDB5DB /* SortTagModel.m */; };
		1866D4BC1E5BE22700BDB5DB /* RankingCell.m in Sources */ = {isa = PBXBuildFile; fileRef = 1866D4BA1E5BE22700BDB5DB /* RankingCell.m */; };
		1866D4BD1E5BE22700BDB5DB /* RankingCell.xib in Resources */ = {isa = PBXBuildFile; fileRef = 1866D4BB1E5BE22700BDB5DB /* RankingCell.xib */; };
		49F0A3869EDB806CA3050A19 /* libPods-DRBrower.a in Frameworks */ = {isa = PBXBuildFile; fileRef = D4DFB1C3A7BC244DD9034D74 /* libPods-DRBrower.a */; };
		55075A4F1E20814A009A025A /* WebsiteModel.m in Sources */ = {isa = PBXBuildFile; fileRef = 55075A4E1E20814A009A025A /* WebsiteModel.m */; };
		55075A521E2081E1009A025A /* WebsiteListModel.m in Sources */ = {isa = PBXBuildFile; fileRef = 55075A511E2081E1009A025A /* WebsiteListModel.m */; };
		551661611E222CF900909A11 /* WebsiteCell.m in Sources */ = {isa = PBXBuildFile; fileRef = 5516615F1E222CF900909A11 /* WebsiteCell.m */; };
		551661621E222CF900909A11 /* WebsiteCell.xib in Resources */ = {isa = PBXBuildFile; fileRef = 551661601E222CF900909A11 /* WebsiteCell.xib */; };
		551661691E236AEF00909A11 /* WebsiteRootVC.m in Sources */ = {isa = PBXBuildFile; fileRef = 551661681E236AEF00909A11 /* WebsiteRootVC.m */; };
		551661721E23701D00909A11 /* WebsiteCustomVC.m in Sources */ = {isa = PBXBuildFile; fileRef = 551661711E23701D00909A11 /* WebsiteCustomVC.m */; };
		5517EAB91E1C8AE1008B3853 /* HomeTopView.xib in Resources */ = {isa = PBXBuildFile; fileRef = 5517EAB81E1C8AE1008B3853 /* HomeTopView.xib */; };
		552375891E1CEAF000214ECB /* SearchVC.m in Sources */ = {isa = PBXBuildFile; fileRef = 552375881E1CEAF000214ECB /* SearchVC.m */; };
		5523758C1E1D03BF00214ECB /* Tools.m in Sources */ = {isa = PBXBuildFile; fileRef = 5523758B1E1D03BF00214ECB /* Tools.m */; };
		552ADBD11E249189007036CA /* WebsiteRecommendCell.m in Sources */ = {isa = PBXBuildFile; fileRef = 552ADBCF1E249189007036CA /* WebsiteRecommendCell.m */; };
		552ADBD21E249189007036CA /* WebsiteRecommendCell.xib in Resources */ = {isa = PBXBuildFile; fileRef = 552ADBD01E249189007036CA /* WebsiteRecommendCell.xib */; };
		552ADBD51E24EEB5007036CA /* DRLocaldData.m in Sources */ = {isa = PBXBuildFile; fileRef = 552ADBD41E24EEB5007036CA /* DRLocaldData.m */; };
		552ADBDB1E25E579007036CA /* WebsiteRecommendVC.m in Sources */ = {isa = PBXBuildFile; fileRef = 552ADBD91E25E579007036CA /* WebsiteRecommendVC.m */; };
		552ADBDC1E25E579007036CA /* WebsiteRecommendVC.xib in Resources */ = {isa = PBXBuildFile; fileRef = 552ADBDA1E25E579007036CA /* WebsiteRecommendVC.xib */; };
		55421AA41E59979900389B86 /* ShareVC.m in Sources */ = {isa = PBXBuildFile; fileRef = 55421AA31E59979900389B86 /* ShareVC.m */; };
		55421AA61E599A5300389B86 /* ShareView.xib in Resources */ = {isa = PBXBuildFile; fileRef = 55421AA51E599A5300389B86 /* ShareView.xib */; };
		55421AA91E599A6E00389B86 /* ShareView.m in Sources */ = {isa = PBXBuildFile; fileRef = 55421AA81E599A6E00389B86 /* ShareView.m */; };
		55421AB51E59A55F00389B86 /* libsqlite3.tbd in Frameworks */ = {isa = PBXBuildFile; fileRef = 55421AB41E59A55F00389B86 /* libsqlite3.tbd */; };
		55421AB91E59A59C00389B86 /* libz.tbd in Frameworks */ = {isa = PBXBuildFile; fileRef = 55421AB81E59A59C00389B86 /* libz.tbd */; };
		55421ABF1E5ACE4500389B86 /* libicucore.tbd in Frameworks */ = {isa = PBXBuildFile; fileRef = 55421ABE1E5ACE4500389B86 /* libicucore.tbd */; };
		55421AC11E5ACE7D00389B86 /* libstdc++.tbd in Frameworks */ = {isa = PBXBuildFile; fileRef = 55421AC01E5ACE7D00389B86 /* libstdc++.tbd */; };
		55421AC31E5ACE8B00389B86 /* JavaScriptCore.framework in Frameworks */ = {isa = PBXBuildFile; fileRef = 55421AC21E5ACE8B00389B86 /* JavaScriptCore.framework */; };
		55421AC61E5AD45800389B86 /* ShareModel.m in Sources */ = {isa = PBXBuildFile; fileRef = 55421AC51E5AD45800389B86 /* ShareModel.m */; };
		55421AE01E5D22D400389B86 /* UIImage+DRImageClip.m in Sources */ = {isa = PBXBuildFile; fileRef = 55421ADF1E5D22D400389B86 /* UIImage+DRImageClip.m */; };
		557A94091E5EDD7D006A2466 /* RecordListModel.m in Sources */ = {isa = PBXBuildFile; fileRef = 557A94041E5EDD7D006A2466 /* RecordListModel.m */; };
		557A940A1E5EDD7D006A2466 /* RecordModel.m in Sources */ = {isa = PBXBuildFile; fileRef = 557A94061E5EDD7D006A2466 /* RecordModel.m */; };
		557A940B1E5EDD7D006A2466 /* RecordRealm.m in Sources */ = {isa = PBXBuildFile; fileRef = 557A94081E5EDD7D006A2466 /* RecordRealm.m */; };
		557A940E1E5EE118006A2466 /* RecordRootVC.m in Sources */ = {isa = PBXBuildFile; fileRef = 557A940D1E5EE118006A2466 /* RecordRootVC.m */; };
		557A94111E5FD445006A2466 /* DRRealmPublic.m in Sources */ = {isa = PBXBuildFile; fileRef = 557A94101E5FD444006A2466 /* DRRealmPublic.m */; };
		557DC0671E08DF8100ECFFDE /* main.m in Sources */ = {isa = PBXBuildFile; fileRef = 557DC0661E08DF8100ECFFDE /* main.m */; };
		557DC06D1E08DF8100ECFFDE /* ViewController.m in Sources */ = {isa = PBXBuildFile; fileRef = 557DC06C1E08DF8100ECFFDE /* ViewController.m */; };
		557DC0701E08DF8100ECFFDE /* Main.storyboard in Resources */ = {isa = PBXBuildFile; fileRef = 557DC06E1E08DF8100ECFFDE /* Main.storyboard */; };
		557DC0721E08DF8100ECFFDE /* Assets.xcassets in Resources */ = {isa = PBXBuildFile; fileRef = 557DC0711E08DF8100ECFFDE /* Assets.xcassets */; };
		557DC0751E08DF8100ECFFDE /* LaunchScreen.storyboard in Resources */ = {isa = PBXBuildFile; fileRef = 557DC0731E08DF8100ECFFDE /* LaunchScreen.storyboard */; };
		557DC08B1E08E08400ECFFDE /* AppDelegate.m in Sources */ = {isa = PBXBuildFile; fileRef = 557DC07F1E08E08400ECFFDE /* AppDelegate.m */; };
		557DC08D1E08E08400ECFFDE /* OnePicCell.m in Sources */ = {isa = PBXBuildFile; fileRef = 557DC0891E08E08400ECFFDE /* OnePicCell.m */; };
		557DC08E1E08E08400ECFFDE /* OnePicCell.xib in Resources */ = {isa = PBXBuildFile; fileRef = 557DC08A1E08E08400ECFFDE /* OnePicCell.xib */; };
		557DC0911E08E0B700ECFFDE /* DRDataService.m in Sources */ = {isa = PBXBuildFile; fileRef = 557DC0901E08E0B700ECFFDE /* DRDataService.m */; };
		557DC0971E08E3A500ECFFDE /* DRHomeVC.m in Sources */ = {isa = PBXBuildFile; fileRef = 557DC0961E08E3A500ECFFDE /* DRHomeVC.m */; };
		557DC09A1E08E91E00ECFFDE /* HomeTopView.m in Sources */ = {isa = PBXBuildFile; fileRef = 557DC0991E08E91E00ECFFDE /* HomeTopView.m */; };
		557DC09E1E0A22D000ECFFDE /* NewsTagListModel.m in Sources */ = {isa = PBXBuildFile; fileRef = 557DC09D1E0A22D000ECFFDE /* NewsTagListModel.m */; };
		557DC0A11E0A234100ECFFDE /* NewsTagModel.m in Sources */ = {isa = PBXBuildFile; fileRef = 557DC0A01E0A234100ECFFDE /* NewsTagModel.m */; };
		557DC0A71E0A64D500ECFFDE /* NewsModel.m in Sources */ = {isa = PBXBuildFile; fileRef = 557DC0A61E0A64D500ECFFDE /* NewsModel.m */; };
		557DC0AA1E0A64E900ECFFDE /* NewsListModel.m in Sources */ = {isa = PBXBuildFile; fileRef = 557DC0A91E0A64E900ECFFDE /* NewsListModel.m */; };
		557DC0AD1E0A685100ECFFDE /* ImgsModel.m in Sources */ = {isa = PBXBuildFile; fileRef = 557DC0AC1E0A685100ECFFDE /* ImgsModel.m */; };
		557DC0B11E0B658300ECFFDE /* ThreePicCell.m in Sources */ = {isa = PBXBuildFile; fileRef = 557DC0AF1E0B658300ECFFDE /* ThreePicCell.m */; };
		557DC0B21E0B658300ECFFDE /* ThreePicCell.xib in Resources */ = {isa = PBXBuildFile; fileRef = 557DC0B01E0B658300ECFFDE /* ThreePicCell.xib */; };
		557DC0B91E0BC03300ECFFDE /* TagsView.m in Sources */ = {isa = PBXBuildFile; fileRef = 557DC0B81E0BC03300ECFFDE /* TagsView.m */; };
		557DC0BD1E0CB7F900ECFFDE /* ZeroPicCell.m in Sources */ = {isa = PBXBuildFile; fileRef = 557DC0BB1E0CB7F900ECFFDE /* ZeroPicCell.m */; };
		558ADF5C1E0D115600035716 /* ZYImagesPlayer.m in Sources */ = {isa = PBXBuildFile; fileRef = 558ADF5A1E0D115600035716 /* ZYImagesPlayer.m */; };
		558ADF5F1E0E2B4F00035716 /* HomeToolBar.m in Sources */ = {isa = PBXBuildFile; fileRef = 558ADF5E1E0E2B4F00035716 /* HomeToolBar.m */; };
		558ADF991E13CE5F00035716 /* DRImageView.m in Sources */ = {isa = PBXBuildFile; fileRef = 558ADF981E13CE5F00035716 /* DRImageView.m */; };
		558ADF9B1E13CE8700035716 /* ZeroPicCell.xib in Resources */ = {isa = PBXBuildFile; fileRef = 558ADF9A1E13CE8700035716 /* ZeroPicCell.xib */; };
		55BC1AFD1E48661A00A64375 /* WebKit.framework in Frameworks */ = {isa = PBXBuildFile; fileRef = 55BC1AFC1E48661A00A64375 /* WebKit.framework */; };
		55BC1B001E4957CE00A64375 /* UIButton+ImageTitleSpacing.m in Sources */ = {isa = PBXBuildFile; fileRef = 55BC1AFF1E4957CE00A64375 /* UIButton+ImageTitleSpacing.m */; };
		55BC1B0E1E49C8F300A64375 /* HistoryVC.m in Sources */ = {isa = PBXBuildFile; fileRef = 55BC1B0D1E49C8F300A64375 /* HistoryVC.m */; };
		55BC1B121E49D3EF00A64375 /* RecordCell.m in Sources */ = {isa = PBXBuildFile; fileRef = 55BC1B101E49D3EF00A64375 /* RecordCell.m */; };
		55BC1B131E49D3EF00A64375 /* RecordCell.xib in Resources */ = {isa = PBXBuildFile; fileRef = 55BC1B111E49D3EF00A64375 /* RecordCell.xib */; };
		55BC1B161E4AF1A800A64375 /* CollectVC.m in Sources */ = {isa = PBXBuildFile; fileRef = 55BC1B151E4AF1A800A64375 /* CollectVC.m */; };
		55E5BC211E67C92800A7CF9E /* CoreMedia.framework in Frameworks */ = {isa = PBXBuildFile; fileRef = 55E5BC201E67C92800A7CF9E /* CoreMedia.framework */; };
		55E5BC231E67C93200A7CF9E /* QuartzCore.framework in Frameworks */ = {isa = PBXBuildFile; fileRef = 55E5BC221E67C93200A7CF9E /* QuartzCore.framework */; };
		55E5BC251E67C94400A7CF9E /* libZXingObjC.a in Frameworks */ = {isa = PBXBuildFile; fileRef = 55E5BC241E67C94400A7CF9E /* libZXingObjC.a */; };
		55E5BC271E67C95000A7CF9E /* ImageIO.framework in Frameworks */ = {isa = PBXBuildFile; fileRef = 55E5BC261E67C95000A7CF9E /* ImageIO.framework */; };
		55E5BC291E67C96800A7CF9E /* CoreVideo.framework in Frameworks */ = {isa = PBXBuildFile; fileRef = 55E5BC281E67C96800A7CF9E /* CoreVideo.framework */; };
		55E5BC2A1E67C97B00A7CF9E /* CoreGraphics.framework in Frameworks */ = {isa = PBXBuildFile; fileRef = 55421AAE1E59A50900389B86 /* CoreGraphics.framework */; };
		55E5BC2C1E67C99600A7CF9E /* AVFoundation.framework in Frameworks */ = {isa = PBXBuildFile; fileRef = 55E5BC2B1E67C99600A7CF9E /* AVFoundation.framework */; };
		55E5BC2E1E67C9AA00A7CF9E /* AudioToolbox.framework in Frameworks */ = {isa = PBXBuildFile; fileRef = 55E5BC2D1E67C9AA00A7CF9E /* AudioToolbox.framework */; };
		55E5BC301E67C9BD00A7CF9E /* Foundation.framework in Frameworks */ = {isa = PBXBuildFile; fileRef = 55E5BC2F1E67C9BD00A7CF9E /* Foundation.framework */; };
		55E5BC321E67C9CC00A7CF9E /* UIKit.framework in Frameworks */ = {isa = PBXBuildFile; fileRef = 55E5BC311E67C9CC00A7CF9E /* UIKit.framework */; };
		55E5BC351E6807E300A7CF9E /* NewsDetailVC.m in Sources */ = {isa = PBXBuildFile; fileRef = 55E5BC341E6807E300A7CF9E /* NewsDetailVC.m */; };
		55E5BC441E68084A00A7CF9E /* Comment.storyboard in Resources */ = {isa = PBXBuildFile; fileRef = 55E5BC381E68084A00A7CF9E /* Comment.storyboard */; };
		55E5BC451E68084A00A7CF9E /* Complain.storyboard in Resources */ = {isa = PBXBuildFile; fileRef = 55E5BC3A1E68084A00A7CF9E /* Complain.storyboard */; };
		55E5BC461E68084A00A7CF9E /* Menu.storyboard in Resources */ = {isa = PBXBuildFile; fileRef = 55E5BC3C1E68084A00A7CF9E /* Menu.storyboard */; };
		55E5BC471E68084A00A7CF9E /* NewsDetail.storyboard in Resources */ = {isa = PBXBuildFile; fileRef = 55E5BC3E1E68084A00A7CF9E /* NewsDetail.storyboard */; };
		55E5BC481E68084A00A7CF9E /* Search.storyboard in Resources */ = {isa = PBXBuildFile; fileRef = 55E5BC401E68084A00A7CF9E /* Search.storyboard */; };
		55E5BC491E68084A00A7CF9E /* Website.storyboard in Resources */ = {isa = PBXBuildFile; fileRef = 55E5BC421E68084A00A7CF9E /* Website.storyboard */; };
		55E5BC4F1E680A6600A7CF9E /* ScanVC.m in Sources */ = {isa = PBXBuildFile; fileRef = 55E5BC4E1E680A6600A7CF9E /* ScanVC.m */; };
		55F623811E2DB0B5003536CC /* MenuVC.m in Sources */ = {isa = PBXBuildFile; fileRef = 55F623801E2DB0B5003536CC /* MenuVC.m */; };
/* End PBXBuildFile section */

/* Begin PBXFileReference section */
		182DA8051E5EE58E00BA5B64 /* ComplainVC.h */ = {isa = PBXFileReference; fileEncoding = 4; lastKnownFileType = sourcecode.c.h; path = ComplainVC.h; sourceTree = "<group>"; };
		182DA8061E5EE58E00BA5B64 /* ComplainVC.m */ = {isa = PBXFileReference; fileEncoding = 4; lastKnownFileType = sourcecode.c.objc; path = ComplainVC.m; sourceTree = "<group>"; };
		182DA8471E5FFF4E00BA5B64 /* CommentVC.h */ = {isa = PBXFileReference; fileEncoding = 4; lastKnownFileType = sourcecode.c.h; path = CommentVC.h; sourceTree = "<group>"; };
		182DA8481E5FFF4E00BA5B64 /* CommentVC.m */ = {isa = PBXFileReference; fileEncoding = 4; lastKnownFileType = sourcecode.c.objc; path = CommentVC.m; sourceTree = "<group>"; };
		182DA84C1E60299D00BA5B64 /* CommentListCell.h */ = {isa = PBXFileReference; fileEncoding = 4; lastKnownFileType = sourcecode.c.h; path = CommentListCell.h; sourceTree = "<group>"; };
		182DA84D1E60299D00BA5B64 /* CommentListCell.m */ = {isa = PBXFileReference; fileEncoding = 4; lastKnownFileType = sourcecode.c.objc; path = CommentListCell.m; sourceTree = "<group>"; };
		182DA84E1E60299D00BA5B64 /* CommentListCell.xib */ = {isa = PBXFileReference; fileEncoding = 4; lastKnownFileType = file.xib; path = CommentListCell.xib; sourceTree = "<group>"; };
		182DA8511E60365600BA5B64 /* CommentListModel.h */ = {isa = PBXFileReference; fileEncoding = 4; lastKnownFileType = sourcecode.c.h; path = CommentListModel.h; sourceTree = "<group>"; };
		182DA8521E60365600BA5B64 /* CommentListModel.m */ = {isa = PBXFileReference; fileEncoding = 4; lastKnownFileType = sourcecode.c.objc; path = CommentListModel.m; sourceTree = "<group>"; };
		182DA8541E60366F00BA5B64 /* CommentModel.h */ = {isa = PBXFileReference; fileEncoding = 4; lastKnownFileType = sourcecode.c.h; path = CommentModel.h; sourceTree = "<group>"; };
		182DA8551E60366F00BA5B64 /* CommentModel.m */ = {isa = PBXFileReference; fileEncoding = 4; lastKnownFileType = sourcecode.c.objc; path = CommentModel.m; sourceTree = "<group>"; };
		1866D49D1E5BD11700BDB5DB /* HomeTopViewLayout.m */ = {isa = PBXFileReference; fileEncoding = 4; lastKnownFileType = sourcecode.c.objc; path = HomeTopViewLayout.m; sourceTree = "<group>"; };
		1866D49E1E5BD11700BDB5DB /* HomeTopViewLayout.h */ = {isa = PBXFileReference; fileEncoding = 4; lastKnownFileType = sourcecode.c.h; path = HomeTopViewLayout.h; sourceTree = "<group>"; };
		1866D4A01E5BDDF500BDB5DB /* NewsListViewController.m */ = {isa = PBXFileReference; fileEncoding = 4; lastKnownFileType = sourcecode.c.objc; path = NewsListViewController.m; sourceTree = "<group>"; };
		1866D4A11E5BDDF500BDB5DB /* NewsListViewController.h */ = {isa = PBXFileReference; fileEncoding = 4; lastKnownFileType = sourcecode.c.h; path = NewsListViewController.h; sourceTree = "<group>"; };
		1866D4A71E5BE1AB00BDB5DB /* RankingListVC.h */ = {isa = PBXFileReference; fileEncoding = 4; lastKnownFileType = sourcecode.c.h; path = RankingListVC.h; sourceTree = "<group>"; };
		1866D4A81E5BE1AB00BDB5DB /* RankingViewController.m */ = {isa = PBXFileReference; fileEncoding = 4; lastKnownFileType = sourcecode.c.objc; path = RankingViewController.m; sourceTree = "<group>"; };
		1866D4A91E5BE1AB00BDB5DB /* RankingListVC.m */ = {isa = PBXFileReference; fileEncoding = 4; lastKnownFileType = sourcecode.c.objc; path = RankingListVC.m; sourceTree = "<group>"; };
		1866D4AA1E5BE1AB00BDB5DB /* RankingViewController.h */ = {isa = PBXFileReference; fileEncoding = 4; lastKnownFileType = sourcecode.c.h; path = RankingViewController.h; sourceTree = "<group>"; };
		1866D4AD1E5BE1FC00BDB5DB /* SortListModel.h */ = {isa = PBXFileReference; fileEncoding = 4; lastKnownFileType = sourcecode.c.h; path = SortListModel.h; sourceTree = "<group>"; };
		1866D4AE1E5BE1FC00BDB5DB /* SortListModel.m */ = {isa = PBXFileReference; fileEncoding = 4; lastKnownFileType = sourcecode.c.objc; path = SortListModel.m; sourceTree = "<group>"; };
		1866D4AF1E5BE1FC00BDB5DB /* SortModel.h */ = {isa = PBXFileReference; fileEncoding = 4; lastKnownFileType = sourcecode.c.h; path = SortModel.h; sourceTree = "<group>"; };
		1866D4B01E5BE1FC00BDB5DB /* SortModel.m */ = {isa = PBXFileReference; fileEncoding = 4; lastKnownFileType = sourcecode.c.objc; path = SortModel.m; sourceTree = "<group>"; };
		1866D4B11E5BE1FC00BDB5DB /* SortTagListModel.h */ = {isa = PBXFileReference; fileEncoding = 4; lastKnownFileType = sourcecode.c.h; path = SortTagListModel.h; sourceTree = "<group>"; };
		1866D4B21E5BE1FC00BDB5DB /* SortTagListModel.m */ = {isa = PBXFileReference; fileEncoding = 4; lastKnownFileType = sourcecode.c.objc; path = SortTagListModel.m; sourceTree = "<group>"; };
		1866D4B31E5BE1FC00BDB5DB /* SortTagModel.h */ = {isa = PBXFileReference; fileEncoding = 4; lastKnownFileType = sourcecode.c.h; path = SortTagModel.h; sourceTree = "<group>"; };
		1866D4B41E5BE1FC00BDB5DB /* SortTagModel.m */ = {isa = PBXFileReference; fileEncoding = 4; lastKnownFileType = sourcecode.c.objc; path = SortTagModel.m; sourceTree = "<group>"; };
		1866D4B91E5BE22700BDB5DB /* RankingCell.h */ = {isa = PBXFileReference; fileEncoding = 4; lastKnownFileType = sourcecode.c.h; path = RankingCell.h; sourceTree = "<group>"; };
		1866D4BA1E5BE22700BDB5DB /* RankingCell.m */ = {isa = PBXFileReference; fileEncoding = 4; lastKnownFileType = sourcecode.c.objc; path = RankingCell.m; sourceTree = "<group>"; };
		1866D4BB1E5BE22700BDB5DB /* RankingCell.xib */ = {isa = PBXFileReference; fileEncoding = 4; lastKnownFileType = file.xib; path = RankingCell.xib; sourceTree = "<group>"; };
		29F564DE35D2B47EC672A7BD /* Pods-DRBrower.debug.xcconfig */ = {isa = PBXFileReference; includeInIndex = 1; lastKnownFileType = text.xcconfig; name = "Pods-DRBrower.debug.xcconfig"; path = "Pods/Target Support Files/Pods-DRBrower/Pods-DRBrower.debug.xcconfig"; sourceTree = "<group>"; };
		55075A4D1E20814A009A025A /* WebsiteModel.h */ = {isa = PBXFileReference; fileEncoding = 4; lastKnownFileType = sourcecode.c.h; path = WebsiteModel.h; sourceTree = "<group>"; };
		55075A4E1E20814A009A025A /* WebsiteModel.m */ = {isa = PBXFileReference; fileEncoding = 4; lastKnownFileType = sourcecode.c.objc; path = WebsiteModel.m; sourceTree = "<group>"; };
		55075A501E2081E1009A025A /* WebsiteListModel.h */ = {isa = PBXFileReference; fileEncoding = 4; lastKnownFileType = sourcecode.c.h; path = WebsiteListModel.h; sourceTree = "<group>"; };
		55075A511E2081E1009A025A /* WebsiteListModel.m */ = {isa = PBXFileReference; fileEncoding = 4; lastKnownFileType = sourcecode.c.objc; path = WebsiteListModel.m; sourceTree = "<group>"; };
		5516615E1E222CF900909A11 /* WebsiteCell.h */ = {isa = PBXFileReference; fileEncoding = 4; lastKnownFileType = sourcecode.c.h; path = WebsiteCell.h; sourceTree = "<group>"; };
		5516615F1E222CF900909A11 /* WebsiteCell.m */ = {isa = PBXFileReference; fileEncoding = 4; lastKnownFileType = sourcecode.c.objc; path = WebsiteCell.m; sourceTree = "<group>"; };
		551661601E222CF900909A11 /* WebsiteCell.xib */ = {isa = PBXFileReference; fileEncoding = 4; lastKnownFileType = file.xib; path = WebsiteCell.xib; sourceTree = "<group>"; };
		551661671E236AEF00909A11 /* WebsiteRootVC.h */ = {isa = PBXFileReference; fileEncoding = 4; lastKnownFileType = sourcecode.c.h; path = WebsiteRootVC.h; sourceTree = "<group>"; };
		551661681E236AEF00909A11 /* WebsiteRootVC.m */ = {isa = PBXFileReference; fileEncoding = 4; lastKnownFileType = sourcecode.c.objc; path = WebsiteRootVC.m; sourceTree = "<group>"; };
		551661701E23701D00909A11 /* WebsiteCustomVC.h */ = {isa = PBXFileReference; fileEncoding = 4; lastKnownFileType = sourcecode.c.h; path = WebsiteCustomVC.h; sourceTree = "<group>"; };
		551661711E23701D00909A11 /* WebsiteCustomVC.m */ = {isa = PBXFileReference; fileEncoding = 4; lastKnownFileType = sourcecode.c.objc; path = WebsiteCustomVC.m; sourceTree = "<group>"; };
		5517EAB81E1C8AE1008B3853 /* HomeTopView.xib */ = {isa = PBXFileReference; fileEncoding = 4; lastKnownFileType = file.xib; path = HomeTopView.xib; sourceTree = "<group>"; };
		552375871E1CEAF000214ECB /* SearchVC.h */ = {isa = PBXFileReference; fileEncoding = 4; lastKnownFileType = sourcecode.c.h; path = SearchVC.h; sourceTree = "<group>"; };
		552375881E1CEAF000214ECB /* SearchVC.m */ = {isa = PBXFileReference; fileEncoding = 4; lastKnownFileType = sourcecode.c.objc; path = SearchVC.m; sourceTree = "<group>"; };
		5523758A1E1D03BF00214ECB /* Tools.h */ = {isa = PBXFileReference; fileEncoding = 4; lastKnownFileType = sourcecode.c.h; path = Tools.h; sourceTree = "<group>"; };
		5523758B1E1D03BF00214ECB /* Tools.m */ = {isa = PBXFileReference; fileEncoding = 4; lastKnownFileType = sourcecode.c.objc; path = Tools.m; sourceTree = "<group>"; };
		552ADBCE1E249189007036CA /* WebsiteRecommendCell.h */ = {isa = PBXFileReference; fileEncoding = 4; lastKnownFileType = sourcecode.c.h; path = WebsiteRecommendCell.h; sourceTree = "<group>"; };
		552ADBCF1E249189007036CA /* WebsiteRecommendCell.m */ = {isa = PBXFileReference; fileEncoding = 4; lastKnownFileType = sourcecode.c.objc; path = WebsiteRecommendCell.m; sourceTree = "<group>"; };
		552ADBD01E249189007036CA /* WebsiteRecommendCell.xib */ = {isa = PBXFileReference; fileEncoding = 4; lastKnownFileType = file.xib; path = WebsiteRecommendCell.xib; sourceTree = "<group>"; };
		552ADBD31E24EEB5007036CA /* DRLocaldData.h */ = {isa = PBXFileReference; fileEncoding = 4; lastKnownFileType = sourcecode.c.h; path = DRLocaldData.h; sourceTree = "<group>"; };
		552ADBD41E24EEB5007036CA /* DRLocaldData.m */ = {isa = PBXFileReference; fileEncoding = 4; lastKnownFileType = sourcecode.c.objc; path = DRLocaldData.m; sourceTree = "<group>"; };
		552ADBD81E25E579007036CA /* WebsiteRecommendVC.h */ = {isa = PBXFileReference; fileEncoding = 4; lastKnownFileType = sourcecode.c.h; path = WebsiteRecommendVC.h; sourceTree = "<group>"; };
		552ADBD91E25E579007036CA /* WebsiteRecommendVC.m */ = {isa = PBXFileReference; fileEncoding = 4; lastKnownFileType = sourcecode.c.objc; path = WebsiteRecommendVC.m; sourceTree = "<group>"; };
		552ADBDA1E25E579007036CA /* WebsiteRecommendVC.xib */ = {isa = PBXFileReference; fileEncoding = 4; lastKnownFileType = file.xib; path = WebsiteRecommendVC.xib; sourceTree = "<group>"; };
		55421AA21E59979900389B86 /* ShareVC.h */ = {isa = PBXFileReference; fileEncoding = 4; lastKnownFileType = sourcecode.c.h; path = ShareVC.h; sourceTree = "<group>"; };
		55421AA31E59979900389B86 /* ShareVC.m */ = {isa = PBXFileReference; fileEncoding = 4; lastKnownFileType = sourcecode.c.objc; path = ShareVC.m; sourceTree = "<group>"; };
		55421AA51E599A5300389B86 /* ShareView.xib */ = {isa = PBXFileReference; fileEncoding = 4; lastKnownFileType = file.xib; path = ShareView.xib; sourceTree = "<group>"; };
		55421AA71E599A6E00389B86 /* ShareView.h */ = {isa = PBXFileReference; fileEncoding = 4; lastKnownFileType = sourcecode.c.h; path = ShareView.h; sourceTree = "<group>"; };
		55421AA81E599A6E00389B86 /* ShareView.m */ = {isa = PBXFileReference; fileEncoding = 4; lastKnownFileType = sourcecode.c.objc; path = ShareView.m; sourceTree = "<group>"; };
		55421AAC1E59A4F500389B86 /* libsqlite3.0.tbd */ = {isa = PBXFileReference; lastKnownFileType = "sourcecode.text-based-dylib-definition"; name = libsqlite3.0.tbd; path = usr/lib/libsqlite3.0.tbd; sourceTree = SDKROOT; };
		55421AAE1E59A50900389B86 /* CoreGraphics.framework */ = {isa = PBXFileReference; lastKnownFileType = wrapper.framework; name = CoreGraphics.framework; path = System/Library/Frameworks/CoreGraphics.framework; sourceTree = SDKROOT; };
		55421AB01E59A51600389B86 /* SystemConfiguration.framework */ = {isa = PBXFileReference; lastKnownFileType = wrapper.framework; name = SystemConfiguration.framework; path = System/Library/Frameworks/SystemConfiguration.framework; sourceTree = SDKROOT; };
		55421AB21E59A54400389B86 /* CoreTelephony.framework */ = {isa = PBXFileReference; lastKnownFileType = wrapper.framework; name = CoreTelephony.framework; path = System/Library/Frameworks/CoreTelephony.framework; sourceTree = SDKROOT; };
		55421AB41E59A55F00389B86 /* libsqlite3.tbd */ = {isa = PBXFileReference; lastKnownFileType = "sourcecode.text-based-dylib-definition"; name = libsqlite3.tbd; path = usr/lib/libsqlite3.tbd; sourceTree = SDKROOT; };
		55421AB61E59A58C00389B86 /* libc++.tbd */ = {isa = PBXFileReference; lastKnownFileType = "sourcecode.text-based-dylib-definition"; name = "libc++.tbd"; path = "usr/lib/libc++.tbd"; sourceTree = SDKROOT; };
		55421AB81E59A59C00389B86 /* libz.tbd */ = {isa = PBXFileReference; lastKnownFileType = "sourcecode.text-based-dylib-definition"; name = libz.tbd; path = usr/lib/libz.tbd; sourceTree = SDKROOT; };
		55421ABE1E5ACE4500389B86 /* libicucore.tbd */ = {isa = PBXFileReference; lastKnownFileType = "sourcecode.text-based-dylib-definition"; name = libicucore.tbd; path = usr/lib/libicucore.tbd; sourceTree = SDKROOT; };
		55421AC01E5ACE7D00389B86 /* libstdc++.tbd */ = {isa = PBXFileReference; lastKnownFileType = "sourcecode.text-based-dylib-definition"; name = "libstdc++.tbd"; path = "usr/lib/libstdc++.tbd"; sourceTree = SDKROOT; };
		55421AC21E5ACE8B00389B86 /* JavaScriptCore.framework */ = {isa = PBXFileReference; lastKnownFileType = wrapper.framework; name = JavaScriptCore.framework; path = System/Library/Frameworks/JavaScriptCore.framework; sourceTree = SDKROOT; };
		55421AC41E5AD45800389B86 /* ShareModel.h */ = {isa = PBXFileReference; fileEncoding = 4; lastKnownFileType = sourcecode.c.h; path = ShareModel.h; sourceTree = "<group>"; };
		55421AC51E5AD45800389B86 /* ShareModel.m */ = {isa = PBXFileReference; fileEncoding = 4; lastKnownFileType = sourcecode.c.objc; path = ShareModel.m; sourceTree = "<group>"; };
		55421ADE1E5D22D400389B86 /* UIImage+DRImageClip.h */ = {isa = PBXFileReference; fileEncoding = 4; lastKnownFileType = sourcecode.c.h; path = "UIImage+DRImageClip.h"; sourceTree = "<group>"; };
		55421ADF1E5D22D400389B86 /* UIImage+DRImageClip.m */ = {isa = PBXFileReference; fileEncoding = 4; lastKnownFileType = sourcecode.c.objc; path = "UIImage+DRImageClip.m"; sourceTree = "<group>"; };
		557A94031E5EDD7D006A2466 /* RecordListModel.h */ = {isa = PBXFileReference; fileEncoding = 4; lastKnownFileType = sourcecode.c.h; name = RecordListModel.h; path = DRBrower/Class/scene/Search/Model/RecordListModel.h; sourceTree = SOURCE_ROOT; };
		557A94041E5EDD7D006A2466 /* RecordListModel.m */ = {isa = PBXFileReference; fileEncoding = 4; lastKnownFileType = sourcecode.c.objc; name = RecordListModel.m; path = DRBrower/Class/scene/Search/Model/RecordListModel.m; sourceTree = SOURCE_ROOT; };
		557A94051E5EDD7D006A2466 /* RecordModel.h */ = {isa = PBXFileReference; fileEncoding = 4; lastKnownFileType = sourcecode.c.h; name = RecordModel.h; path = DRBrower/Class/scene/Search/Model/RecordModel.h; sourceTree = SOURCE_ROOT; };
		557A94061E5EDD7D006A2466 /* RecordModel.m */ = {isa = PBXFileReference; fileEncoding = 4; lastKnownFileType = sourcecode.c.objc; name = RecordModel.m; path = DRBrower/Class/scene/Search/Model/RecordModel.m; sourceTree = SOURCE_ROOT; };
		557A94071E5EDD7D006A2466 /* RecordRealm.h */ = {isa = PBXFileReference; fileEncoding = 4; lastKnownFileType = sourcecode.c.h; name = RecordRealm.h; path = DRBrower/Class/scene/Search/Model/RecordRealm.h; sourceTree = SOURCE_ROOT; };
		557A94081E5EDD7D006A2466 /* RecordRealm.m */ = {isa = PBXFileReference; fileEncoding = 4; lastKnownFileType = sourcecode.c.objc; name = RecordRealm.m; path = DRBrower/Class/scene/Search/Model/RecordRealm.m; sourceTree = SOURCE_ROOT; };
		557A940C1E5EE118006A2466 /* RecordRootVC.h */ = {isa = PBXFileReference; fileEncoding = 4; lastKnownFileType = sourcecode.c.h; path = RecordRootVC.h; sourceTree = "<group>"; };
		557A940D1E5EE118006A2466 /* RecordRootVC.m */ = {isa = PBXFileReference; fileEncoding = 4; lastKnownFileType = sourcecode.c.objc; path = RecordRootVC.m; sourceTree = "<group>"; };
		557A940F1E5FD444006A2466 /* DRRealmPublic.h */ = {isa = PBXFileReference; fileEncoding = 4; lastKnownFileType = sourcecode.c.h; path = DRRealmPublic.h; sourceTree = "<group>"; };
		557A94101E5FD444006A2466 /* DRRealmPublic.m */ = {isa = PBXFileReference; fileEncoding = 4; lastKnownFileType = sourcecode.c.objc; path = DRRealmPublic.m; sourceTree = "<group>"; };
		557DC0621E08DF8100ECFFDE /* DRBrower.app */ = {isa = PBXFileReference; explicitFileType = wrapper.application; includeInIndex = 0; path = DRBrower.app; sourceTree = BUILT_PRODUCTS_DIR; };
		557DC0661E08DF8100ECFFDE /* main.m */ = {isa = PBXFileReference; lastKnownFileType = sourcecode.c.objc; path = main.m; sourceTree = "<group>"; };
		557DC06B1E08DF8100ECFFDE /* ViewController.h */ = {isa = PBXFileReference; lastKnownFileType = sourcecode.c.h; path = ViewController.h; sourceTree = "<group>"; };
		557DC06C1E08DF8100ECFFDE /* ViewController.m */ = {isa = PBXFileReference; lastKnownFileType = sourcecode.c.objc; path = ViewController.m; sourceTree = "<group>"; };
		557DC06F1E08DF8100ECFFDE /* Base */ = {isa = PBXFileReference; lastKnownFileType = file.storyboard; name = Base; path = Base.lproj/Main.storyboard; sourceTree = "<group>"; };
		557DC0711E08DF8100ECFFDE /* Assets.xcassets */ = {isa = PBXFileReference; lastKnownFileType = folder.assetcatalog; path = Assets.xcassets; sourceTree = "<group>"; };
		557DC0741E08DF8100ECFFDE /* Base */ = {isa = PBXFileReference; lastKnownFileType = file.storyboard; name = Base; path = Base.lproj/LaunchScreen.storyboard; sourceTree = "<group>"; };
		557DC0761E08DF8100ECFFDE /* Info.plist */ = {isa = PBXFileReference; lastKnownFileType = text.plist.xml; path = Info.plist; sourceTree = "<group>"; };
		557DC07E1E08E08400ECFFDE /* AppDelegate.h */ = {isa = PBXFileReference; fileEncoding = 4; lastKnownFileType = sourcecode.c.h; path = AppDelegate.h; sourceTree = "<group>"; };
		557DC07F1E08E08400ECFFDE /* AppDelegate.m */ = {isa = PBXFileReference; fileEncoding = 4; lastKnownFileType = sourcecode.c.objc; path = AppDelegate.m; sourceTree = "<group>"; };
		557DC0881E08E08400ECFFDE /* OnePicCell.h */ = {isa = PBXFileReference; fileEncoding = 4; lastKnownFileType = sourcecode.c.h; path = OnePicCell.h; sourceTree = "<group>"; };
		557DC0891E08E08400ECFFDE /* OnePicCell.m */ = {isa = PBXFileReference; fileEncoding = 4; lastKnownFileType = sourcecode.c.objc; path = OnePicCell.m; sourceTree = "<group>"; };
		557DC08A1E08E08400ECFFDE /* OnePicCell.xib */ = {isa = PBXFileReference; fileEncoding = 4; lastKnownFileType = file.xib; path = OnePicCell.xib; sourceTree = "<group>"; };
		557DC08F1E08E0B700ECFFDE /* DRDataService.h */ = {isa = PBXFileReference; fileEncoding = 4; lastKnownFileType = sourcecode.c.h; path = DRDataService.h; sourceTree = "<group>"; };
		557DC0901E08E0B700ECFFDE /* DRDataService.m */ = {isa = PBXFileReference; fileEncoding = 4; lastKnownFileType = sourcecode.c.objc; path = DRDataService.m; sourceTree = "<group>"; };
		557DC0951E08E3A500ECFFDE /* DRHomeVC.h */ = {isa = PBXFileReference; fileEncoding = 4; lastKnownFileType = sourcecode.c.h; path = DRHomeVC.h; sourceTree = "<group>"; };
		557DC0961E08E3A500ECFFDE /* DRHomeVC.m */ = {isa = PBXFileReference; fileEncoding = 4; lastKnownFileType = sourcecode.c.objc; path = DRHomeVC.m; sourceTree = "<group>"; };
		557DC0981E08E91E00ECFFDE /* HomeTopView.h */ = {isa = PBXFileReference; fileEncoding = 4; lastKnownFileType = sourcecode.c.h; path = HomeTopView.h; sourceTree = "<group>"; };
		557DC0991E08E91E00ECFFDE /* HomeTopView.m */ = {isa = PBXFileReference; fileEncoding = 4; lastKnownFileType = sourcecode.c.objc; path = HomeTopView.m; sourceTree = "<group>"; };
		557DC09C1E0A22D000ECFFDE /* NewsTagListModel.h */ = {isa = PBXFileReference; fileEncoding = 4; lastKnownFileType = sourcecode.c.h; path = NewsTagListModel.h; sourceTree = "<group>"; };
		557DC09D1E0A22D000ECFFDE /* NewsTagListModel.m */ = {isa = PBXFileReference; fileEncoding = 4; lastKnownFileType = sourcecode.c.objc; path = NewsTagListModel.m; sourceTree = "<group>"; };
		557DC09F1E0A234100ECFFDE /* NewsTagModel.h */ = {isa = PBXFileReference; fileEncoding = 4; lastKnownFileType = sourcecode.c.h; path = NewsTagModel.h; sourceTree = "<group>"; };
		557DC0A01E0A234100ECFFDE /* NewsTagModel.m */ = {isa = PBXFileReference; fileEncoding = 4; lastKnownFileType = sourcecode.c.objc; path = NewsTagModel.m; sourceTree = "<group>"; };
		557DC0A31E0A262300ECFFDE /* DRBrowser-Prefix.pch */ = {isa = PBXFileReference; lastKnownFileType = sourcecode.c.h; path = "DRBrowser-Prefix.pch"; sourceTree = "<group>"; };
		557DC0A41E0A394400ECFFDE /* AllUrls.h */ = {isa = PBXFileReference; lastKnownFileType = sourcecode.c.h; path = AllUrls.h; sourceTree = "<group>"; };
		557DC0A51E0A64D500ECFFDE /* NewsModel.h */ = {isa = PBXFileReference; fileEncoding = 4; lastKnownFileType = sourcecode.c.h; path = NewsModel.h; sourceTree = "<group>"; };
		557DC0A61E0A64D500ECFFDE /* NewsModel.m */ = {isa = PBXFileReference; fileEncoding = 4; lastKnownFileType = sourcecode.c.objc; path = NewsModel.m; sourceTree = "<group>"; };
		557DC0A81E0A64E900ECFFDE /* NewsListModel.h */ = {isa = PBXFileReference; fileEncoding = 4; lastKnownFileType = sourcecode.c.h; path = NewsListModel.h; sourceTree = "<group>"; };
		557DC0A91E0A64E900ECFFDE /* NewsListModel.m */ = {isa = PBXFileReference; fileEncoding = 4; lastKnownFileType = sourcecode.c.objc; path = NewsListModel.m; sourceTree = "<group>"; };
		557DC0AC1E0A685100ECFFDE /* ImgsModel.m */ = {isa = PBXFileReference; fileEncoding = 4; lastKnownFileType = sourcecode.c.objc; path = ImgsModel.m; sourceTree = "<group>"; };
		557DC0AE1E0B658300ECFFDE /* ThreePicCell.h */ = {isa = PBXFileReference; fileEncoding = 4; lastKnownFileType = sourcecode.c.h; path = ThreePicCell.h; sourceTree = "<group>"; };
		557DC0AF1E0B658300ECFFDE /* ThreePicCell.m */ = {isa = PBXFileReference; fileEncoding = 4; lastKnownFileType = sourcecode.c.objc; path = ThreePicCell.m; sourceTree = "<group>"; };
		557DC0B01E0B658300ECFFDE /* ThreePicCell.xib */ = {isa = PBXFileReference; fileEncoding = 4; lastKnownFileType = file.xib; path = ThreePicCell.xib; sourceTree = "<group>"; };
		557DC0B71E0BC03300ECFFDE /* TagsView.h */ = {isa = PBXFileReference; fileEncoding = 4; lastKnownFileType = sourcecode.c.h; path = TagsView.h; sourceTree = "<group>"; };
		557DC0B81E0BC03300ECFFDE /* TagsView.m */ = {isa = PBXFileReference; fileEncoding = 4; lastKnownFileType = sourcecode.c.objc; path = TagsView.m; sourceTree = "<group>"; };
		557DC0BA1E0CB7F900ECFFDE /* ZeroPicCell.h */ = {isa = PBXFileReference; fileEncoding = 4; lastKnownFileType = sourcecode.c.h; path = ZeroPicCell.h; sourceTree = "<group>"; };
		557DC0BB1E0CB7F900ECFFDE /* ZeroPicCell.m */ = {isa = PBXFileReference; fileEncoding = 4; lastKnownFileType = sourcecode.c.objc; path = ZeroPicCell.m; sourceTree = "<group>"; };
		558ADF571E0D115600035716 /* DRImageView.h */ = {isa = PBXFileReference; fileEncoding = 4; lastKnownFileType = sourcecode.c.h; path = DRImageView.h; sourceTree = "<group>"; };
		558ADF591E0D115600035716 /* ZYImagesPlayer.h */ = {isa = PBXFileReference; fileEncoding = 4; lastKnownFileType = sourcecode.c.h; path = ZYImagesPlayer.h; sourceTree = "<group>"; };
		558ADF5A1E0D115600035716 /* ZYImagesPlayer.m */ = {isa = PBXFileReference; fileEncoding = 4; lastKnownFileType = sourcecode.c.objc; path = ZYImagesPlayer.m; sourceTree = "<group>"; };
		558ADF5D1E0E2B4F00035716 /* HomeToolBar.h */ = {isa = PBXFileReference; fileEncoding = 4; lastKnownFileType = sourcecode.c.h; path = HomeToolBar.h; sourceTree = "<group>"; };
		558ADF5E1E0E2B4F00035716 /* HomeToolBar.m */ = {isa = PBXFileReference; fileEncoding = 4; lastKnownFileType = sourcecode.c.objc; path = HomeToolBar.m; sourceTree = "<group>"; };
		558ADF601E111A7B00035716 /* ImgsModel.h */ = {isa = PBXFileReference; fileEncoding = 4; lastKnownFileType = sourcecode.c.h; path = ImgsModel.h; sourceTree = "<group>"; };
		558ADF981E13CE5F00035716 /* DRImageView.m */ = {isa = PBXFileReference; fileEncoding = 4; lastKnownFileType = sourcecode.c.objc; path = DRImageView.m; sourceTree = "<group>"; };
		558ADF9A1E13CE8700035716 /* ZeroPicCell.xib */ = {isa = PBXFileReference; fileEncoding = 4; lastKnownFileType = file.xib; path = ZeroPicCell.xib; sourceTree = "<group>"; };
		55BC1AFC1E48661A00A64375 /* WebKit.framework */ = {isa = PBXFileReference; lastKnownFileType = wrapper.framework; name = WebKit.framework; path = System/Library/Frameworks/WebKit.framework; sourceTree = SDKROOT; };
		55BC1AFE1E4957CE00A64375 /* UIButton+ImageTitleSpacing.h */ = {isa = PBXFileReference; fileEncoding = 4; lastKnownFileType = sourcecode.c.h; path = "UIButton+ImageTitleSpacing.h"; sourceTree = "<group>"; };
		55BC1AFF1E4957CE00A64375 /* UIButton+ImageTitleSpacing.m */ = {isa = PBXFileReference; fileEncoding = 4; lastKnownFileType = sourcecode.c.objc; path = "UIButton+ImageTitleSpacing.m"; sourceTree = "<group>"; };
		55BC1B0C1E49C8F300A64375 /* HistoryVC.h */ = {isa = PBXFileReference; fileEncoding = 4; lastKnownFileType = sourcecode.c.h; path = HistoryVC.h; sourceTree = "<group>"; };
		55BC1B0D1E49C8F300A64375 /* HistoryVC.m */ = {isa = PBXFileReference; fileEncoding = 4; lastKnownFileType = sourcecode.c.objc; path = HistoryVC.m; sourceTree = "<group>"; };
		55BC1B0F1E49D3EF00A64375 /* RecordCell.h */ = {isa = PBXFileReference; fileEncoding = 4; lastKnownFileType = sourcecode.c.h; path = RecordCell.h; sourceTree = "<group>"; };
		55BC1B101E49D3EF00A64375 /* RecordCell.m */ = {isa = PBXFileReference; fileEncoding = 4; lastKnownFileType = sourcecode.c.objc; path = RecordCell.m; sourceTree = "<group>"; };
		55BC1B111E49D3EF00A64375 /* RecordCell.xib */ = {isa = PBXFileReference; fileEncoding = 4; lastKnownFileType = file.xib; path = RecordCell.xib; sourceTree = "<group>"; };
		55BC1B141E4AF1A800A64375 /* CollectVC.h */ = {isa = PBXFileReference; fileEncoding = 4; lastKnownFileType = sourcecode.c.h; path = CollectVC.h; sourceTree = "<group>"; };
		55BC1B151E4AF1A800A64375 /* CollectVC.m */ = {isa = PBXFileReference; fileEncoding = 4; lastKnownFileType = sourcecode.c.objc; path = CollectVC.m; sourceTree = "<group>"; };
		55E5BC201E67C92800A7CF9E /* CoreMedia.framework */ = {isa = PBXFileReference; lastKnownFileType = wrapper.framework; name = CoreMedia.framework; path = System/Library/Frameworks/CoreMedia.framework; sourceTree = SDKROOT; };
		55E5BC221E67C93200A7CF9E /* QuartzCore.framework */ = {isa = PBXFileReference; lastKnownFileType = wrapper.framework; name = QuartzCore.framework; path = System/Library/Frameworks/QuartzCore.framework; sourceTree = SDKROOT; };
		55E5BC241E67C94400A7CF9E /* libZXingObjC.a */ = {isa = PBXFileReference; lastKnownFileType = archive.ar; name = libZXingObjC.a; path = "Pods/../build/Debug-iphoneos/ZXingObjC/libZXingObjC.a"; sourceTree = "<group>"; };
		55E5BC261E67C95000A7CF9E /* ImageIO.framework */ = {isa = PBXFileReference; lastKnownFileType = wrapper.framework; name = ImageIO.framework; path = System/Library/Frameworks/ImageIO.framework; sourceTree = SDKROOT; };
		55E5BC281E67C96800A7CF9E /* CoreVideo.framework */ = {isa = PBXFileReference; lastKnownFileType = wrapper.framework; name = CoreVideo.framework; path = System/Library/Frameworks/CoreVideo.framework; sourceTree = SDKROOT; };
		55E5BC2B1E67C99600A7CF9E /* AVFoundation.framework */ = {isa = PBXFileReference; lastKnownFileType = wrapper.framework; name = AVFoundation.framework; path = System/Library/Frameworks/AVFoundation.framework; sourceTree = SDKROOT; };
		55E5BC2D1E67C9AA00A7CF9E /* AudioToolbox.framework */ = {isa = PBXFileReference; lastKnownFileType = wrapper.framework; name = AudioToolbox.framework; path = System/Library/Frameworks/AudioToolbox.framework; sourceTree = SDKROOT; };
		55E5BC2F1E67C9BD00A7CF9E /* Foundation.framework */ = {isa = PBXFileReference; lastKnownFileType = wrapper.framework; name = Foundation.framework; path = System/Library/Frameworks/Foundation.framework; sourceTree = SDKROOT; };
		55E5BC311E67C9CC00A7CF9E /* UIKit.framework */ = {isa = PBXFileReference; lastKnownFileType = wrapper.framework; name = UIKit.framework; path = System/Library/Frameworks/UIKit.framework; sourceTree = SDKROOT; };
		55E5BC331E6807E300A7CF9E /* NewsDetailVC.h */ = {isa = PBXFileReference; fileEncoding = 4; lastKnownFileType = sourcecode.c.h; path = NewsDetailVC.h; sourceTree = "<group>"; };
		55E5BC341E6807E300A7CF9E /* NewsDetailVC.m */ = {isa = PBXFileReference; fileEncoding = 4; lastKnownFileType = sourcecode.c.objc; path = NewsDetailVC.m; sourceTree = "<group>"; };
		55E5BC391E68084A00A7CF9E /* Base */ = {isa = PBXFileReference; lastKnownFileType = file.storyboard; name = Base; path = Base.lproj/Comment.storyboard; sourceTree = "<group>"; };
		55E5BC3B1E68084A00A7CF9E /* Base */ = {isa = PBXFileReference; lastKnownFileType = file.storyboard; name = Base; path = Base.lproj/Complain.storyboard; sourceTree = "<group>"; };
		55E5BC3D1E68084A00A7CF9E /* Base */ = {isa = PBXFileReference; lastKnownFileType = file.storyboard; name = Base; path = Base.lproj/Menu.storyboard; sourceTree = "<group>"; };
		55E5BC3F1E68084A00A7CF9E /* Base */ = {isa = PBXFileReference; lastKnownFileType = file.storyboard; name = Base; path = Base.lproj/NewsDetail.storyboard; sourceTree = "<group>"; };
		55E5BC411E68084A00A7CF9E /* Base */ = {isa = PBXFileReference; lastKnownFileType = file.storyboard; name = Base; path = Base.lproj/Search.storyboard; sourceTree = "<group>"; };
		55E5BC431E68084A00A7CF9E /* Base */ = {isa = PBXFileReference; lastKnownFileType = file.storyboard; name = Base; path = Base.lproj/Website.storyboard; sourceTree = "<group>"; };
		55E5BC4D1E680A6600A7CF9E /* ScanVC.h */ = {isa = PBXFileReference; fileEncoding = 4; lastKnownFileType = sourcecode.c.h; path = ScanVC.h; sourceTree = "<group>"; };
		55E5BC4E1E680A6600A7CF9E /* ScanVC.m */ = {isa = PBXFileReference; fileEncoding = 4; lastKnownFileType = sourcecode.c.objc; path = ScanVC.m; sourceTree = "<group>"; };
		55F6237F1E2DB0B5003536CC /* MenuVC.h */ = {isa = PBXFileReference; fileEncoding = 4; lastKnownFileType = sourcecode.c.h; path = MenuVC.h; sourceTree = "<group>"; };
		55F623801E2DB0B5003536CC /* MenuVC.m */ = {isa = PBXFileReference; fileEncoding = 4; lastKnownFileType = sourcecode.c.objc; path = MenuVC.m; sourceTree = "<group>"; };
		C213DBDC31A50F8A62F488B7 /* Pods-DRBrower.release.xcconfig */ = {isa = PBXFileReference; includeInIndex = 1; lastKnownFileType = text.xcconfig; name = "Pods-DRBrower.release.xcconfig"; path = "Pods/Target Support Files/Pods-DRBrower/Pods-DRBrower.release.xcconfig"; sourceTree = "<group>"; };
		D4DFB1C3A7BC244DD9034D74 /* libPods-DRBrower.a */ = {isa = PBXFileReference; explicitFileType = archive.ar; includeInIndex = 0; path = "libPods-DRBrower.a"; sourceTree = BUILT_PRODUCTS_DIR; };
/* End PBXFileReference section */

/* Begin PBXFrameworksBuildPhase section */
		557DC05F1E08DF8100ECFFDE /* Frameworks */ = {
			isa = PBXFrameworksBuildPhase;
			buildActionMask = 2147483647;
			files = (
				55E5BC321E67C9CC00A7CF9E /* UIKit.framework in Frameworks */,
				55E5BC301E67C9BD00A7CF9E /* Foundation.framework in Frameworks */,
				55E5BC2E1E67C9AA00A7CF9E /* AudioToolbox.framework in Frameworks */,
				55E5BC2C1E67C99600A7CF9E /* AVFoundation.framework in Frameworks */,
				55E5BC2A1E67C97B00A7CF9E /* CoreGraphics.framework in Frameworks */,
				55E5BC291E67C96800A7CF9E /* CoreVideo.framework in Frameworks */,
				55E5BC271E67C95000A7CF9E /* ImageIO.framework in Frameworks */,
				55E5BC251E67C94400A7CF9E /* libZXingObjC.a in Frameworks */,
				55E5BC231E67C93200A7CF9E /* QuartzCore.framework in Frameworks */,
				55E5BC211E67C92800A7CF9E /* CoreMedia.framework in Frameworks */,
				55421AB51E59A55F00389B86 /* libsqlite3.tbd in Frameworks */,
				55421AC31E5ACE8B00389B86 /* JavaScriptCore.framework in Frameworks */,
				55421AC11E5ACE7D00389B86 /* libstdc++.tbd in Frameworks */,
				55421AB91E59A59C00389B86 /* libz.tbd in Frameworks */,
				55421ABF1E5ACE4500389B86 /* libicucore.tbd in Frameworks */,
				55BC1AFD1E48661A00A64375 /* WebKit.framework in Frameworks */,
				49F0A3869EDB806CA3050A19 /* libPods-DRBrower.a in Frameworks */,
			);
			runOnlyForDeploymentPostprocessing = 0;
		};
/* End PBXFrameworksBuildPhase section */

/* Begin PBXGroup section */
		1866D4A31E5BE13200BDB5DB /* Sort */ = {
			isa = PBXGroup;
			children = (
				1866D4A61E5BE16200BDB5DB /* Controller */,
				1866D4A51E5BE15A00BDB5DB /* View */,
				1866D4A41E5BE14E00BDB5DB /* Model */,
			);
			name = Sort;
			sourceTree = "<group>";
		};
		1866D4A41E5BE14E00BDB5DB /* Model */ = {
			isa = PBXGroup;
			children = (
				1866D4AD1E5BE1FC00BDB5DB /* SortListModel.h */,
				1866D4AE1E5BE1FC00BDB5DB /* SortListModel.m */,
				1866D4AF1E5BE1FC00BDB5DB /* SortModel.h */,
				1866D4B01E5BE1FC00BDB5DB /* SortModel.m */,
				1866D4B11E5BE1FC00BDB5DB /* SortTagListModel.h */,
				1866D4B21E5BE1FC00BDB5DB /* SortTagListModel.m */,
				1866D4B31E5BE1FC00BDB5DB /* SortTagModel.h */,
				1866D4B41E5BE1FC00BDB5DB /* SortTagModel.m */,
				182DA8511E60365600BA5B64 /* CommentListModel.h */,
				182DA8521E60365600BA5B64 /* CommentListModel.m */,
				182DA8541E60366F00BA5B64 /* CommentModel.h */,
				182DA8551E60366F00BA5B64 /* CommentModel.m */,
			);
			name = Model;
			sourceTree = "<group>";
		};
		1866D4A51E5BE15A00BDB5DB /* View */ = {
			isa = PBXGroup;
			children = (
				1866D4B91E5BE22700BDB5DB /* RankingCell.h */,
				1866D4BA1E5BE22700BDB5DB /* RankingCell.m */,
				1866D4BB1E5BE22700BDB5DB /* RankingCell.xib */,
				182DA84C1E60299D00BA5B64 /* CommentListCell.h */,
				182DA84D1E60299D00BA5B64 /* CommentListCell.m */,
				182DA84E1E60299D00BA5B64 /* CommentListCell.xib */,
			);
			name = View;
			sourceTree = "<group>";
		};
		1866D4A61E5BE16200BDB5DB /* Controller */ = {
			isa = PBXGroup;
			children = (
				1866D4AA1E5BE1AB00BDB5DB /* RankingViewController.h */,
				1866D4A81E5BE1AB00BDB5DB /* RankingViewController.m */,
				1866D4A71E5BE1AB00BDB5DB /* RankingListVC.h */,
				1866D4A91E5BE1AB00BDB5DB /* RankingListVC.m */,
				182DA8051E5EE58E00BA5B64 /* ComplainVC.h */,
				182DA8061E5EE58E00BA5B64 /* ComplainVC.m */,
				182DA8471E5FFF4E00BA5B64 /* CommentVC.h */,
				182DA8481E5FFF4E00BA5B64 /* CommentVC.m */,
			);
			name = Controller;
			sourceTree = "<group>";
		};
		551661631E236AB700909A11 /* Website */ = {
			isa = PBXGroup;
			children = (
				551661641E236AB700909A11 /* Controller */,
				551661651E236AB700909A11 /* Model */,
				551661661E236AB700909A11 /* View */,
			);
			path = Website;
			sourceTree = "<group>";
		};
		551661641E236AB700909A11 /* Controller */ = {
			isa = PBXGroup;
			children = (
				551661671E236AEF00909A11 /* WebsiteRootVC.h */,
				551661681E236AEF00909A11 /* WebsiteRootVC.m */,
				552ADBD81E25E579007036CA /* WebsiteRecommendVC.h */,
				552ADBD91E25E579007036CA /* WebsiteRecommendVC.m */,
				552ADBDA1E25E579007036CA /* WebsiteRecommendVC.xib */,
				551661701E23701D00909A11 /* WebsiteCustomVC.h */,
				551661711E23701D00909A11 /* WebsiteCustomVC.m */,
			);
			path = Controller;
			sourceTree = "<group>";
		};
		551661651E236AB700909A11 /* Model */ = {
			isa = PBXGroup;
			children = (
			);
			path = Model;
			sourceTree = "<group>";
		};
		551661661E236AB700909A11 /* View */ = {
			isa = PBXGroup;
			children = (
				552ADBCE1E249189007036CA /* WebsiteRecommendCell.h */,
				552ADBCF1E249189007036CA /* WebsiteRecommendCell.m */,
				552ADBD01E249189007036CA /* WebsiteRecommendCell.xib */,
			);
			path = View;
			sourceTree = "<group>";
		};
		552375831E1CEAC000214ECB /* Search */ = {
			isa = PBXGroup;
			children = (
				552375841E1CEAC000214ECB /* Controller */,
				552375851E1CEAC000214ECB /* Model */,
				552375861E1CEAC000214ECB /* View */,
			);
			path = Search;
			sourceTree = "<group>";
		};
		552375841E1CEAC000214ECB /* Controller */ = {
			isa = PBXGroup;
			children = (
				552375871E1CEAF000214ECB /* SearchVC.h */,
				552375881E1CEAF000214ECB /* SearchVC.m */,
				55421AA21E59979900389B86 /* ShareVC.h */,
				55421AA31E59979900389B86 /* ShareVC.m */,
			);
			path = Controller;
			sourceTree = "<group>";
		};
		552375851E1CEAC000214ECB /* Model */ = {
			isa = PBXGroup;
			children = (
				55421AC41E5AD45800389B86 /* ShareModel.h */,
				55421AC51E5AD45800389B86 /* ShareModel.m */,
			);
			path = Model;
			sourceTree = "<group>";
		};
		552375861E1CEAC000214ECB /* View */ = {
			isa = PBXGroup;
			children = (
				55421AA71E599A6E00389B86 /* ShareView.h */,
				55421AA81E599A6E00389B86 /* ShareView.m */,
				55421AA51E599A5300389B86 /* ShareView.xib */,
			);
			path = View;
			sourceTree = "<group>";
		};
		557DC0591E08DF8100ECFFDE = {
			isa = PBXGroup;
			children = (
				557DC0641E08DF8100ECFFDE /* DRBrower */,
				557DC0631E08DF8100ECFFDE /* Products */,
				5C2C92254BB705D5D4190F62 /* Frameworks */,
				F2E840DCD12715BDCDFAD2F2 /* Pods */,
			);
			sourceTree = "<group>";
		};
		557DC0631E08DF8100ECFFDE /* Products */ = {
			isa = PBXGroup;
			children = (
				557DC0621E08DF8100ECFFDE /* DRBrower.app */,
			);
			name = Products;
			sourceTree = "<group>";
		};
		557DC0641E08DF8100ECFFDE /* DRBrower */ = {
			isa = PBXGroup;
			children = (
				557DC07C1E08E08400ECFFDE /* Class */,
				557DC06B1E08DF8100ECFFDE /* ViewController.h */,
				557DC06C1E08DF8100ECFFDE /* ViewController.m */,
				55E5BC381E68084A00A7CF9E /* Comment.storyboard */,
				55E5BC3A1E68084A00A7CF9E /* Complain.storyboard */,
				55E5BC3C1E68084A00A7CF9E /* Menu.storyboard */,
				55E5BC3E1E68084A00A7CF9E /* NewsDetail.storyboard */,
				55E5BC401E68084A00A7CF9E /* Search.storyboard */,
				55E5BC421E68084A00A7CF9E /* Website.storyboard */,
				557DC06E1E08DF8100ECFFDE /* Main.storyboard */,
				557DC0711E08DF8100ECFFDE /* Assets.xcassets */,
				557DC0731E08DF8100ECFFDE /* LaunchScreen.storyboard */,
				557DC0761E08DF8100ECFFDE /* Info.plist */,
				557DC0651E08DF8100ECFFDE /* Supporting Files */,
			);
			path = DRBrower;
			sourceTree = "<group>";
		};
		557DC0651E08DF8100ECFFDE /* Supporting Files */ = {
			isa = PBXGroup;
			children = (
				557DC0661E08DF8100ECFFDE /* main.m */,
				557DC0A31E0A262300ECFFDE /* DRBrowser-Prefix.pch */,
			);
			name = "Supporting Files";
			sourceTree = "<group>";
		};
		557DC07C1E08E08400ECFFDE /* Class */ = {
			isa = PBXGroup;
			children = (
				557DC07D1E08E08400ECFFDE /* App */,
				557DC0801E08E08400ECFFDE /* DataSource */,
				557DC0831E08E08400ECFFDE /* Public */,
				557DC0841E08E08400ECFFDE /* scene */,
			);
			path = Class;
			sourceTree = "<group>";
		};
		557DC07D1E08E08400ECFFDE /* App */ = {
			isa = PBXGroup;
			children = (
				557DC07E1E08E08400ECFFDE /* AppDelegate.h */,
				557DC07F1E08E08400ECFFDE /* AppDelegate.m */,
			);
			path = App;
			sourceTree = "<group>";
		};
		557DC0801E08E08400ECFFDE /* DataSource */ = {
			isa = PBXGroup;
			children = (
				557DC08F1E08E0B700ECFFDE /* DRDataService.h */,
				557DC0901E08E0B700ECFFDE /* DRDataService.m */,
				552ADBD31E24EEB5007036CA /* DRLocaldData.h */,
				552ADBD41E24EEB5007036CA /* DRLocaldData.m */,
				557A940F1E5FD444006A2466 /* DRRealmPublic.h */,
				557A94101E5FD444006A2466 /* DRRealmPublic.m */,
				557DC0A41E0A394400ECFFDE /* AllUrls.h */,
			);
			path = DataSource;
			sourceTree = "<group>";
		};
		557DC0831E08E08400ECFFDE /* Public */ = {
			isa = PBXGroup;
			children = (
				55421ADE1E5D22D400389B86 /* UIImage+DRImageClip.h */,
				55421ADF1E5D22D400389B86 /* UIImage+DRImageClip.m */,
				558ADF571E0D115600035716 /* DRImageView.h */,
				558ADF981E13CE5F00035716 /* DRImageView.m */,
				558ADF591E0D115600035716 /* ZYImagesPlayer.h */,
				558ADF5A1E0D115600035716 /* ZYImagesPlayer.m */,
				5523758A1E1D03BF00214ECB /* Tools.h */,
				5523758B1E1D03BF00214ECB /* Tools.m */,
				55BC1AFE1E4957CE00A64375 /* UIButton+ImageTitleSpacing.h */,
				55BC1AFF1E4957CE00A64375 /* UIButton+ImageTitleSpacing.m */,
			);
			path = Public;
			sourceTree = "<group>";
		};
		557DC0841E08E08400ECFFDE /* scene */ = {
			isa = PBXGroup;
			children = (
				557DC0851E08E08400ECFFDE /* HomePage */,
				1866D4A31E5BE13200BDB5DB /* Sort */,
				55F6237B1E2DB021003536CC /* Menu */,
				551661631E236AB700909A11 /* Website */,
				552375831E1CEAC000214ECB /* Search */,
			);
			path = scene;
			sourceTree = "<group>";
		};
		557DC0851E08E08400ECFFDE /* HomePage */ = {
			isa = PBXGroup;
			children = (
				557DC09B1E0A21B500ECFFDE /* Model */,
				557DC0861E08E08400ECFFDE /* Controller */,
				557DC0871E08E08400ECFFDE /* View */,
			);
			path = HomePage;
			sourceTree = "<group>";
		};
		557DC0861E08E08400ECFFDE /* Controller */ = {
			isa = PBXGroup;
			children = (
				557DC0951E08E3A500ECFFDE /* DRHomeVC.h */,
				557DC0961E08E3A500ECFFDE /* DRHomeVC.m */,
				55E5BC4D1E680A6600A7CF9E /* ScanVC.h */,
				55E5BC4E1E680A6600A7CF9E /* ScanVC.m */,
				55E5BC331E6807E300A7CF9E /* NewsDetailVC.h */,
				55E5BC341E6807E300A7CF9E /* NewsDetailVC.m */,
				1866D4A11E5BDDF500BDB5DB /* NewsListViewController.h */,
				1866D4A01E5BDDF500BDB5DB /* NewsListViewController.m */,
			);
			path = Controller;
			sourceTree = "<group>";
		};
		557DC0871E08E08400ECFFDE /* View */ = {
			isa = PBXGroup;
			children = (
				557DC0BA1E0CB7F900ECFFDE /* ZeroPicCell.h */,
				557DC0BB1E0CB7F900ECFFDE /* ZeroPicCell.m */,
				558ADF9A1E13CE8700035716 /* ZeroPicCell.xib */,
				557DC0881E08E08400ECFFDE /* OnePicCell.h */,
				557DC0891E08E08400ECFFDE /* OnePicCell.m */,
				557DC08A1E08E08400ECFFDE /* OnePicCell.xib */,
				557DC0AE1E0B658300ECFFDE /* ThreePicCell.h */,
				557DC0AF1E0B658300ECFFDE /* ThreePicCell.m */,
				557DC0B01E0B658300ECFFDE /* ThreePicCell.xib */,
				557DC0981E08E91E00ECFFDE /* HomeTopView.h */,
				557DC0991E08E91E00ECFFDE /* HomeTopView.m */,
				5517EAB81E1C8AE1008B3853 /* HomeTopView.xib */,
				5516615E1E222CF900909A11 /* WebsiteCell.h */,
				5516615F1E222CF900909A11 /* WebsiteCell.m */,
				551661601E222CF900909A11 /* WebsiteCell.xib */,
				557DC0B71E0BC03300ECFFDE /* TagsView.h */,
				557DC0B81E0BC03300ECFFDE /* TagsView.m */,
				558ADF5D1E0E2B4F00035716 /* HomeToolBar.h */,
				558ADF5E1E0E2B4F00035716 /* HomeToolBar.m */,
				1866D49D1E5BD11700BDB5DB /* HomeTopViewLayout.m */,
				1866D49E1E5BD11700BDB5DB /* HomeTopViewLayout.h */,
			);
			path = View;
			sourceTree = "<group>";
		};
		557DC09B1E0A21B500ECFFDE /* Model */ = {
			isa = PBXGroup;
			children = (
				557DC09F1E0A234100ECFFDE /* NewsTagModel.h */,
				557DC0A01E0A234100ECFFDE /* NewsTagModel.m */,
				557DC09C1E0A22D000ECFFDE /* NewsTagListModel.h */,
				557DC09D1E0A22D000ECFFDE /* NewsTagListModel.m */,
				557DC0A51E0A64D500ECFFDE /* NewsModel.h */,
				557DC0A61E0A64D500ECFFDE /* NewsModel.m */,
				557DC0A81E0A64E900ECFFDE /* NewsListModel.h */,
				557DC0A91E0A64E900ECFFDE /* NewsListModel.m */,
				558ADF601E111A7B00035716 /* ImgsModel.h */,
				557DC0AC1E0A685100ECFFDE /* ImgsModel.m */,
				55075A4D1E20814A009A025A /* WebsiteModel.h */,
				55075A4E1E20814A009A025A /* WebsiteModel.m */,
				55075A501E2081E1009A025A /* WebsiteListModel.h */,
				55075A511E2081E1009A025A /* WebsiteListModel.m */,
			);
			name = Model;
			path = DRBrower/Class/scene/HomePage/Model;
			sourceTree = SOURCE_ROOT;
		};
		55F6237B1E2DB021003536CC /* Menu */ = {
			isa = PBXGroup;
			children = (
				55F6237C1E2DB021003536CC /* Controller */,
				55F6237D1E2DB021003536CC /* Model */,
				55F6237E1E2DB021003536CC /* View */,
			);
			path = Menu;
			sourceTree = "<group>";
		};
		55F6237C1E2DB021003536CC /* Controller */ = {
			isa = PBXGroup;
			children = (
				55F6237F1E2DB0B5003536CC /* MenuVC.h */,
				55F623801E2DB0B5003536CC /* MenuVC.m */,
				557A940C1E5EE118006A2466 /* RecordRootVC.h */,
				557A940D1E5EE118006A2466 /* RecordRootVC.m */,
				55BC1B0C1E49C8F300A64375 /* HistoryVC.h */,
				55BC1B0D1E49C8F300A64375 /* HistoryVC.m */,
				55BC1B141E4AF1A800A64375 /* CollectVC.h */,
				55BC1B151E4AF1A800A64375 /* CollectVC.m */,
			);
			path = Controller;
			sourceTree = "<group>";
		};
		55F6237D1E2DB021003536CC /* Model */ = {
			isa = PBXGroup;
			children = (
				557A94031E5EDD7D006A2466 /* RecordListModel.h */,
				557A94041E5EDD7D006A2466 /* RecordListModel.m */,
				557A94051E5EDD7D006A2466 /* RecordModel.h */,
				557A94061E5EDD7D006A2466 /* RecordModel.m */,
				557A94071E5EDD7D006A2466 /* RecordRealm.h */,
				557A94081E5EDD7D006A2466 /* RecordRealm.m */,
			);
			path = Model;
			sourceTree = "<group>";
		};
		55F6237E1E2DB021003536CC /* View */ = {
			isa = PBXGroup;
			children = (
				55BC1B0F1E49D3EF00A64375 /* RecordCell.h */,
				55BC1B101E49D3EF00A64375 /* RecordCell.m */,
				55BC1B111E49D3EF00A64375 /* RecordCell.xib */,
			);
			path = View;
			sourceTree = "<group>";
		};
		5C2C92254BB705D5D4190F62 /* Frameworks */ = {
			isa = PBXGroup;
			children = (
				55E5BC311E67C9CC00A7CF9E /* UIKit.framework */,
				55E5BC2F1E67C9BD00A7CF9E /* Foundation.framework */,
				55E5BC2D1E67C9AA00A7CF9E /* AudioToolbox.framework */,
				55E5BC2B1E67C99600A7CF9E /* AVFoundation.framework */,
				55E5BC281E67C96800A7CF9E /* CoreVideo.framework */,
				55E5BC261E67C95000A7CF9E /* ImageIO.framework */,
				55E5BC241E67C94400A7CF9E /* libZXingObjC.a */,
				55E5BC221E67C93200A7CF9E /* QuartzCore.framework */,
				55E5BC201E67C92800A7CF9E /* CoreMedia.framework */,
				55421AC21E5ACE8B00389B86 /* JavaScriptCore.framework */,
				55421AC01E5ACE7D00389B86 /* libstdc++.tbd */,
				55421ABE1E5ACE4500389B86 /* libicucore.tbd */,
				55421AB81E59A59C00389B86 /* libz.tbd */,
				55421AB61E59A58C00389B86 /* libc++.tbd */,
				55421AB41E59A55F00389B86 /* libsqlite3.tbd */,
				55421AB21E59A54400389B86 /* CoreTelephony.framework */,
				55421AB01E59A51600389B86 /* SystemConfiguration.framework */,
				55421AAE1E59A50900389B86 /* CoreGraphics.framework */,
				55421AAC1E59A4F500389B86 /* libsqlite3.0.tbd */,
				55BC1AFC1E48661A00A64375 /* WebKit.framework */,
				D4DFB1C3A7BC244DD9034D74 /* libPods-DRBrower.a */,
			);
			name = Frameworks;
			sourceTree = "<group>";
		};
		F2E840DCD12715BDCDFAD2F2 /* Pods */ = {
			isa = PBXGroup;
			children = (
				29F564DE35D2B47EC672A7BD /* Pods-DRBrower.debug.xcconfig */,
				C213DBDC31A50F8A62F488B7 /* Pods-DRBrower.release.xcconfig */,
			);
			name = Pods;
			sourceTree = "<group>";
		};
/* End PBXGroup section */

/* Begin PBXNativeTarget section */
		557DC0611E08DF8100ECFFDE /* DRBrower */ = {
			isa = PBXNativeTarget;
			buildConfigurationList = 557DC0791E08DF8100ECFFDE /* Build configuration list for PBXNativeTarget "DRBrower" */;
			buildPhases = (
				920F8BFBEB451B202A899B97 /* [CP] Check Pods Manifest.lock */,
				557DC05E1E08DF8100ECFFDE /* Sources */,
				557DC05F1E08DF8100ECFFDE /* Frameworks */,
				557DC0601E08DF8100ECFFDE /* Resources */,
				2EF38A3533C7081B9FC2E404 /* [CP] Embed Pods Frameworks */,
				96B53903D2389AE3223D6811 /* [CP] Copy Pods Resources */,
			);
			buildRules = (
			);
			dependencies = (
			);
			name = DRBrower;
			productName = DRBrower;
			productReference = 557DC0621E08DF8100ECFFDE /* DRBrower.app */;
			productType = "com.apple.product-type.application";
		};
/* End PBXNativeTarget section */

/* Begin PBXProject section */
		557DC05A1E08DF8100ECFFDE /* Project object */ = {
			isa = PBXProject;
			attributes = {
				LastUpgradeCheck = 0810;
				ORGANIZATIONNAME = QiQi;
				TargetAttributes = {
					557DC0611E08DF8100ECFFDE = {
						CreatedOnToolsVersion = 8.1;
						DevelopmentTeam = C53DGAEY52;
						ProvisioningStyle = Automatic;
					};
				};
			};
			buildConfigurationList = 557DC05D1E08DF8100ECFFDE /* Build configuration list for PBXProject "DRBrower" */;
			compatibilityVersion = "Xcode 3.2";
			developmentRegion = English;
			hasScannedForEncodings = 0;
			knownRegions = (
				en,
				Base,
			);
			mainGroup = 557DC0591E08DF8100ECFFDE;
			productRefGroup = 557DC0631E08DF8100ECFFDE /* Products */;
			projectDirPath = "";
			projectRoot = "";
			targets = (
				557DC0611E08DF8100ECFFDE /* DRBrower */,
			);
		};
/* End PBXProject section */

/* Begin PBXResourcesBuildPhase section */
		557DC0601E08DF8100ECFFDE /* Resources */ = {
			isa = PBXResourcesBuildPhase;
			buildActionMask = 2147483647;
			files = (
				55E5BC441E68084A00A7CF9E /* Comment.storyboard in Resources */,
				552ADBDC1E25E579007036CA /* WebsiteRecommendVC.xib in Resources */,
				557DC0751E08DF8100ECFFDE /* LaunchScreen.storyboard in Resources */,
				55E5BC471E68084A00A7CF9E /* NewsDetail.storyboard in Resources */,
				557DC08E1E08E08400ECFFDE /* OnePicCell.xib in Resources */,
				557DC0721E08DF8100ECFFDE /* Assets.xcassets in Resources */,
				55E5BC451E68084A00A7CF9E /* Complain.storyboard in Resources */,
				55E5BC461E68084A00A7CF9E /* Menu.storyboard in Resources */,
				55E5BC491E68084A00A7CF9E /* Website.storyboard in Resources */,
				552ADBD21E249189007036CA /* WebsiteRecommendCell.xib in Resources */,
				1866D4BD1E5BE22700BDB5DB /* RankingCell.xib in Resources */,
				551661621E222CF900909A11 /* WebsiteCell.xib in Resources */,
				55E5BC481E68084A00A7CF9E /* Search.storyboard in Resources */,
				55BC1B131E49D3EF00A64375 /* RecordCell.xib in Resources */,
				558ADF9B1E13CE8700035716 /* ZeroPicCell.xib in Resources */,
				55421AA61E599A5300389B86 /* ShareView.xib in Resources */,
				557DC0B21E0B658300ECFFDE /* ThreePicCell.xib in Resources */,
				557DC0701E08DF8100ECFFDE /* Main.storyboard in Resources */,
				5517EAB91E1C8AE1008B3853 /* HomeTopView.xib in Resources */,
				182DA8501E60299D00BA5B64 /* CommentListCell.xib in Resources */,
			);
			runOnlyForDeploymentPostprocessing = 0;
		};
/* End PBXResourcesBuildPhase section */

/* Begin PBXShellScriptBuildPhase section */
		2EF38A3533C7081B9FC2E404 /* [CP] Embed Pods Frameworks */ = {
			isa = PBXShellScriptBuildPhase;
			buildActionMask = 2147483647;
			files = (
			);
			inputPaths = (
			);
			name = "[CP] Embed Pods Frameworks";
			outputPaths = (
			);
			runOnlyForDeploymentPostprocessing = 0;
			shellPath = /bin/sh;
			shellScript = "\"${SRCROOT}/Pods/Target Support Files/Pods-DRBrower/Pods-DRBrower-frameworks.sh\"\n";
			showEnvVarsInLog = 0;
		};
		920F8BFBEB451B202A899B97 /* [CP] Check Pods Manifest.lock */ = {
			isa = PBXShellScriptBuildPhase;
			buildActionMask = 2147483647;
			files = (
			);
			inputPaths = (
			);
			name = "[CP] Check Pods Manifest.lock";
			outputPaths = (
			);
			runOnlyForDeploymentPostprocessing = 0;
			shellPath = /bin/sh;
			shellScript = "diff \"${PODS_ROOT}/../Podfile.lock\" \"${PODS_ROOT}/Manifest.lock\" > /dev/null\nif [ $? != 0 ] ; then\n    # print error to STDERR\n    echo \"error: The sandbox is not in sync with the Podfile.lock. Run 'pod install' or update your CocoaPods installation.\" >&2\n    exit 1\nfi\n";
			showEnvVarsInLog = 0;
		};
		96B53903D2389AE3223D6811 /* [CP] Copy Pods Resources */ = {
			isa = PBXShellScriptBuildPhase;
			buildActionMask = 2147483647;
			files = (
			);
			inputPaths = (
			);
			name = "[CP] Copy Pods Resources";
			outputPaths = (
			);
			runOnlyForDeploymentPostprocessing = 0;
			shellPath = /bin/sh;
			shellScript = "\"${SRCROOT}/Pods/Target Support Files/Pods-DRBrower/Pods-DRBrower-resources.sh\"\n";
			showEnvVarsInLog = 0;
		};
/* End PBXShellScriptBuildPhase section */

/* Begin PBXSourcesBuildPhase section */
		557DC05E1E08DF8100ECFFDE /* Sources */ = {
			isa = PBXSourcesBuildPhase;
			buildActionMask = 2147483647;
			files = (
				55BC1B0E1E49C8F300A64375 /* HistoryVC.m in Sources */,
				5523758C1E1D03BF00214ECB /* Tools.m in Sources */,
				557DC0A71E0A64D500ECFFDE /* NewsModel.m in Sources */,
				55F623811E2DB0B5003536CC /* MenuVC.m in Sources */,
				182DA8491E5FFF4E00BA5B64 /* CommentVC.m in Sources */,
				557DC06D1E08DF8100ECFFDE /* ViewController.m in Sources */,
				55075A4F1E20814A009A025A /* WebsiteModel.m in Sources */,
				558ADF5C1E0D115600035716 /* ZYImagesPlayer.m in Sources */,
				55BC1B001E4957CE00A64375 /* UIButton+ImageTitleSpacing.m in Sources */,
				557DC0971E08E3A500ECFFDE /* DRHomeVC.m in Sources */,
				557A94091E5EDD7D006A2466 /* RecordListModel.m in Sources */,
				552ADBD11E249189007036CA /* WebsiteRecommendCell.m in Sources */,
				557DC0AD1E0A685100ECFFDE /* ImgsModel.m in Sources */,
				557DC0BD1E0CB7F900ECFFDE /* ZeroPicCell.m in Sources */,
				182DA8561E60366F00BA5B64 /* CommentModel.m in Sources */,
				55421AA91E599A6E00389B86 /* ShareView.m in Sources */,
				557DC0AA1E0A64E900ECFFDE /* NewsListModel.m in Sources */,
				558ADF991E13CE5F00035716 /* DRImageView.m in Sources */,
				1866D4A21E5BDDF500BDB5DB /* NewsListViewController.m in Sources */,
				55421AE01E5D22D400389B86 /* UIImage+DRImageClip.m in Sources */,
				55BC1B121E49D3EF00A64375 /* RecordCell.m in Sources */,
				551661691E236AEF00909A11 /* WebsiteRootVC.m in Sources */,
				557A94111E5FD445006A2466 /* DRRealmPublic.m in Sources */,
				1866D4AC1E5BE1AB00BDB5DB /* RankingListVC.m in Sources */,
				552375891E1CEAF000214ECB /* SearchVC.m in Sources */,
				551661611E222CF900909A11 /* WebsiteCell.m in Sources */,
				557DC0671E08DF8100ECFFDE /* main.m in Sources */,
				557DC08D1E08E08400ECFFDE /* OnePicCell.m in Sources */,
				55E5BC351E6807E300A7CF9E /* NewsDetailVC.m in Sources */,
				557DC08B1E08E08400ECFFDE /* AppDelegate.m in Sources */,
				55075A521E2081E1009A025A /* WebsiteListModel.m in Sources */,
				1866D4B51E5BE1FC00BDB5DB /* SortListModel.m in Sources */,
				557A940E1E5EE118006A2466 /* RecordRootVC.m in Sources */,
				557DC0911E08E0B700ECFFDE /* DRDataService.m in Sources */,
				557DC09A1E08E91E00ECFFDE /* HomeTopView.m in Sources */,
				182DA8531E60365600BA5B64 /* CommentListModel.m in Sources */,
				557DC0B11E0B658300ECFFDE /* ThreePicCell.m in Sources */,
				557DC09E1E0A22D000ECFFDE /* NewsTagListModel.m in Sources */,
				1866D4B71E5BE1FC00BDB5DB /* SortTagListModel.m in Sources */,
				182DA84F1E60299D00BA5B64 /* CommentListCell.m in Sources */,
				55421AC61E5AD45800389B86 /* ShareModel.m in Sources */,
				55421AA41E59979900389B86 /* ShareVC.m in Sources */,
				552ADBD51E24EEB5007036CA /* DRLocaldData.m in Sources */,
				1866D4B81E5BE1FC00BDB5DB /* SortTagModel.m in Sources */,
				1866D4B61E5BE1FC00BDB5DB /* SortModel.m in Sources */,
				551661721E23701D00909A11 /* WebsiteCustomVC.m in Sources */,
				557A940A1E5EDD7D006A2466 /* RecordModel.m in Sources */,
				55E5BC4F1E680A6600A7CF9E /* ScanVC.m in Sources */,
				1866D49F1E5BD11700BDB5DB /* HomeTopViewLayout.m in Sources */,
				558ADF5F1E0E2B4F00035716 /* HomeToolBar.m in Sources */,
				557DC0B91E0BC03300ECFFDE /* TagsView.m in Sources */,
				552ADBDB1E25E579007036CA /* WebsiteRecommendVC.m in Sources */,
				557DC0A11E0A234100ECFFDE /* NewsTagModel.m in Sources */,
				55BC1B161E4AF1A800A64375 /* CollectVC.m in Sources */,
				557A940B1E5EDD7D006A2466 /* RecordRealm.m in Sources */,
				1866D4BC1E5BE22700BDB5DB /* RankingCell.m in Sources */,
				1866D4AB1E5BE1AB00BDB5DB /* RankingViewController.m in Sources */,
				182DA8071E5EE58E00BA5B64 /* ComplainVC.m in Sources */,
			);
			runOnlyForDeploymentPostprocessing = 0;
		};
/* End PBXSourcesBuildPhase section */

/* Begin PBXVariantGroup section */
		557DC06E1E08DF8100ECFFDE /* Main.storyboard */ = {
			isa = PBXVariantGroup;
			children = (
				557DC06F1E08DF8100ECFFDE /* Base */,
			);
			name = Main.storyboard;
			sourceTree = "<group>";
		};
		557DC0731E08DF8100ECFFDE /* LaunchScreen.storyboard */ = {
			isa = PBXVariantGroup;
			children = (
				557DC0741E08DF8100ECFFDE /* Base */,
			);
			name = LaunchScreen.storyboard;
			sourceTree = "<group>";
		};
		55E5BC381E68084A00A7CF9E /* Comment.storyboard */ = {
			isa = PBXVariantGroup;
			children = (
				55E5BC391E68084A00A7CF9E /* Base */,
			);
			name = Comment.storyboard;
			sourceTree = "<group>";
		};
		55E5BC3A1E68084A00A7CF9E /* Complain.storyboard */ = {
			isa = PBXVariantGroup;
			children = (
				55E5BC3B1E68084A00A7CF9E /* Base */,
			);
			name = Complain.storyboard;
			sourceTree = "<group>";
		};
		55E5BC3C1E68084A00A7CF9E /* Menu.storyboard */ = {
			isa = PBXVariantGroup;
			children = (
				55E5BC3D1E68084A00A7CF9E /* Base */,
			);
			name = Menu.storyboard;
			sourceTree = "<group>";
		};
		55E5BC3E1E68084A00A7CF9E /* NewsDetail.storyboard */ = {
			isa = PBXVariantGroup;
			children = (
				55E5BC3F1E68084A00A7CF9E /* Base */,
			);
			name = NewsDetail.storyboard;
			sourceTree = "<group>";
		};
		55E5BC401E68084A00A7CF9E /* Search.storyboard */ = {
			isa = PBXVariantGroup;
			children = (
				55E5BC411E68084A00A7CF9E /* Base */,
			);
			name = Search.storyboard;
			sourceTree = "<group>";
		};
		55E5BC421E68084A00A7CF9E /* Website.storyboard */ = {
			isa = PBXVariantGroup;
			children = (
				55E5BC431E68084A00A7CF9E /* Base */,
			);
			name = Website.storyboard;
			sourceTree = "<group>";
		};
/* End PBXVariantGroup section */

/* Begin XCBuildConfiguration section */
		557DC0771E08DF8100ECFFDE /* Debug */ = {
			isa = XCBuildConfiguration;
			buildSettings = {
				ALWAYS_SEARCH_USER_PATHS = NO;
				ARCHS = "$(ARCHS_STANDARD)";
				CLANG_ANALYZER_NONNULL = YES;
				CLANG_CXX_LANGUAGE_STANDARD = "gnu++0x";
				CLANG_CXX_LIBRARY = "libc++";
				CLANG_ENABLE_MODULES = YES;
				CLANG_ENABLE_OBJC_ARC = YES;
				CLANG_WARN_BOOL_CONVERSION = YES;
				CLANG_WARN_CONSTANT_CONVERSION = YES;
				CLANG_WARN_DIRECT_OBJC_ISA_USAGE = YES_ERROR;
				CLANG_WARN_DOCUMENTATION_COMMENTS = YES;
				CLANG_WARN_EMPTY_BODY = YES;
				CLANG_WARN_ENUM_CONVERSION = YES;
				CLANG_WARN_INFINITE_RECURSION = YES;
				CLANG_WARN_INT_CONVERSION = YES;
				CLANG_WARN_OBJC_ROOT_CLASS = YES_ERROR;
				CLANG_WARN_SUSPICIOUS_MOVE = YES;
				CLANG_WARN_SUSPICIOUS_MOVES = YES;
				CLANG_WARN_UNREACHABLE_CODE = YES;
				CLANG_WARN__DUPLICATE_METHOD_MATCH = YES;
				"CODE_SIGN_IDENTITY[sdk=iphoneos*]" = "iPhone Developer";
				COPY_PHASE_STRIP = NO;
				DEBUG_INFORMATION_FORMAT = dwarf;
				ENABLE_STRICT_OBJC_MSGSEND = YES;
				ENABLE_TESTABILITY = YES;
				GCC_C_LANGUAGE_STANDARD = gnu99;
				GCC_DYNAMIC_NO_PIC = NO;
				GCC_NO_COMMON_BLOCKS = YES;
				GCC_OPTIMIZATION_LEVEL = 0;
				GCC_PREPROCESSOR_DEFINITIONS = (
					"DEBUG=1",
					"$(inherited)",
				);
				GCC_WARN_64_TO_32_BIT_CONVERSION = YES;
				GCC_WARN_ABOUT_RETURN_TYPE = YES_ERROR;
				GCC_WARN_UNDECLARED_SELECTOR = YES;
				GCC_WARN_UNINITIALIZED_AUTOS = YES_AGGRESSIVE;
				GCC_WARN_UNUSED_FUNCTION = YES;
				GCC_WARN_UNUSED_VARIABLE = YES;
				IPHONEOS_DEPLOYMENT_TARGET = 10.1;
				MTL_ENABLE_DEBUG_INFO = YES;
				ONLY_ACTIVE_ARCH = YES;
				SDKROOT = iphoneos;
				TARGETED_DEVICE_FAMILY = "1,2";
				VALID_ARCHS = "armv7 armv7s arm64";
			};
			name = Debug;
		};
		557DC0781E08DF8100ECFFDE /* Release */ = {
			isa = XCBuildConfiguration;
			buildSettings = {
				ALWAYS_SEARCH_USER_PATHS = NO;
				ARCHS = "$(ARCHS_STANDARD)";
				CLANG_ANALYZER_NONNULL = YES;
				CLANG_CXX_LANGUAGE_STANDARD = "gnu++0x";
				CLANG_CXX_LIBRARY = "libc++";
				CLANG_ENABLE_MODULES = YES;
				CLANG_ENABLE_OBJC_ARC = YES;
				CLANG_WARN_BOOL_CONVERSION = YES;
				CLANG_WARN_CONSTANT_CONVERSION = YES;
				CLANG_WARN_DIRECT_OBJC_ISA_USAGE = YES_ERROR;
				CLANG_WARN_DOCUMENTATION_COMMENTS = YES;
				CLANG_WARN_EMPTY_BODY = YES;
				CLANG_WARN_ENUM_CONVERSION = YES;
				CLANG_WARN_INFINITE_RECURSION = YES;
				CLANG_WARN_INT_CONVERSION = YES;
				CLANG_WARN_OBJC_ROOT_CLASS = YES_ERROR;
				CLANG_WARN_SUSPICIOUS_MOVE = YES;
				CLANG_WARN_SUSPICIOUS_MOVES = YES;
				CLANG_WARN_UNREACHABLE_CODE = YES;
				CLANG_WARN__DUPLICATE_METHOD_MATCH = YES;
				"CODE_SIGN_IDENTITY[sdk=iphoneos*]" = "iPhone Developer";
				COPY_PHASE_STRIP = NO;
				DEBUG_INFORMATION_FORMAT = "dwarf-with-dsym";
				ENABLE_NS_ASSERTIONS = NO;
				ENABLE_STRICT_OBJC_MSGSEND = YES;
				GCC_C_LANGUAGE_STANDARD = gnu99;
				GCC_NO_COMMON_BLOCKS = YES;
				GCC_WARN_64_TO_32_BIT_CONVERSION = YES;
				GCC_WARN_ABOUT_RETURN_TYPE = YES_ERROR;
				GCC_WARN_UNDECLARED_SELECTOR = YES;
				GCC_WARN_UNINITIALIZED_AUTOS = YES_AGGRESSIVE;
				GCC_WARN_UNUSED_FUNCTION = YES;
				GCC_WARN_UNUSED_VARIABLE = YES;
				IPHONEOS_DEPLOYMENT_TARGET = 10.1;
				MTL_ENABLE_DEBUG_INFO = NO;
				ONLY_ACTIVE_ARCH = NO;
				SDKROOT = iphoneos;
				TARGETED_DEVICE_FAMILY = "1,2";
				VALIDATE_PRODUCT = YES;
				VALID_ARCHS = "armv7 armv7s arm64";
			};
			name = Release;
		};
		557DC07A1E08DF8100ECFFDE /* Debug */ = {
			isa = XCBuildConfiguration;
			baseConfigurationReference = 29F564DE35D2B47EC672A7BD /* Pods-DRBrower.debug.xcconfig */;
			buildSettings = {
				ARCHS = "$(ARCHS_STANDARD)";
				ASSETCATALOG_COMPILER_APPICON_NAME = AppIcon;
				"CODE_SIGN_IDENTITY[sdk=iphoneos*]" = "iPhone Developer";
				DEVELOPMENT_TEAM = C53DGAEY52;
				ENABLE_BITCODE = NO;
				GCC_PREFIX_HEADER = "$(SRCROOT)/DRBrower/DRBrowser-Prefix.pch";
				INFOPLIST_FILE = DRBrower/Info.plist;
				IPHONEOS_DEPLOYMENT_TARGET = 9.0;
				LD_RUNPATH_SEARCH_PATHS = "$(inherited) @executable_path/Frameworks";
				LIBRARY_SEARCH_PATHS = (
					"$(inherited)",
					"$(PROJECT_DIR)/build/Debug-iphoneos/ZXingObjC",
				);
				ONLY_ACTIVE_ARCH = YES;
				PRODUCT_BUNDLE_IDENTIFIER = com.DRBrower.app;
				PRODUCT_NAME = "$(TARGET_NAME)";
				VALID_ARCHS = "arm64 armv7";
			};
			name = Debug;
		};
		557DC07B1E08DF8100ECFFDE /* Release */ = {
			isa = XCBuildConfiguration;
			baseConfigurationReference = C213DBDC31A50F8A62F488B7 /* Pods-DRBrower.release.xcconfig */;
			buildSettings = {
				ARCHS = "$(ARCHS_STANDARD)";
				ASSETCATALOG_COMPILER_APPICON_NAME = AppIcon;
				"CODE_SIGN_IDENTITY[sdk=iphoneos*]" = "iPhone Developer";
				DEVELOPMENT_TEAM = C53DGAEY52;
				ENABLE_BITCODE = NO;
				GCC_PREFIX_HEADER = "$(SRCROOT)/DRBrower/DRBrowser-Prefix.pch";
				INFOPLIST_FILE = DRBrower/Info.plist;
				IPHONEOS_DEPLOYMENT_TARGET = 9.0;
				LD_RUNPATH_SEARCH_PATHS = "$(inherited) @executable_path/Frameworks";
				LIBRARY_SEARCH_PATHS = (
					"$(inherited)",
					"$(PROJECT_DIR)/build/Debug-iphoneos/ZXingObjC",
				);
				ONLY_ACTIVE_ARCH = YES;
				PRODUCT_BUNDLE_IDENTIFIER = com.DRBrower.app;
				PRODUCT_NAME = "$(TARGET_NAME)";
				VALID_ARCHS = "arm64 armv7";
			};
			name = Release;
		};
/* End XCBuildConfiguration section */

/* Begin XCConfigurationList section */
		557DC05D1E08DF8100ECFFDE /* Build configuration list for PBXProject "DRBrower" */ = {
			isa = XCConfigurationList;
			buildConfigurations = (
				557DC0771E08DF8100ECFFDE /* Debug */,
				557DC0781E08DF8100ECFFDE /* Release */,
			);
			defaultConfigurationIsVisible = 0;
			defaultConfigurationName = Release;
		};
		557DC0791E08DF8100ECFFDE /* Build configuration list for PBXNativeTarget "DRBrower" */ = {
			isa = XCConfigurationList;
			buildConfigurations = (
				557DC07A1E08DF8100ECFFDE /* Debug */,
				557DC07B1E08DF8100ECFFDE /* Release */,
			);
			defaultConfigurationIsVisible = 0;
			defaultConfigurationName = Release;
		};
/* End XCConfigurationList section */
	};
	rootObject = 557DC05A1E08DF8100ECFFDE /* Project object */;
}
